
Microsoft Visual Studio Solution File, Format Version 12.00
# Visual Studio Version 16
VisualStudioVersion = 16.6.30114.105
MinimumVisualStudioVersion = 10.0.40219.1
Project("{FAE04EC0-301F-11D3-BF4B-00C04F79EFBC}") = "R5T.D0094.Construction", "R5T.D0094.Construction\R5T.D0094.Construction.csproj", "{060527DA-06FB-4ADD-A454-0D07A2420F5F}"
EndProject
Project("{2150E333-8FDC-42A3-9474-1A3956D46DE8}") = "_Dependencies", "_Dependencies", "{9BB14F92-20F3-4169-974D-D11588879321}"
EndProject
Project("{FAE04EC0-301F-11D3-BF4B-00C04F79EFBC}") = "R5T.Plymouth.ProgramAsAService", "..\..\R5T.Plymouth\source\R5T.Plymouth.ProgramAsAService\R5T.Plymouth.ProgramAsAService.csproj", "{015F80C6-4DF7-471F-B124-EDB47A50F98E}"
EndProject
Project("{FAE04EC0-301F-11D3-BF4B-00C04F79EFBC}") = "R5T.T0027.T009", "..\..\R5T.T0027\source\R5T.T0027.T009\R5T.T0027.T009.csproj", "{1E81615F-4C0E-49CE-9AE1-E5407D39BAE7}"
EndProject
Project("{FAE04EC0-301F-11D3-BF4B-00C04F79EFBC}") = "R5T.D0094.I001", "R5T.D0094.I001\R5T.D0094.I001.csproj", "{08A907CC-B1C3-4812-90A4-D37F12999533}"
EndProject
Project("{FAE04EC0-301F-11D3-BF4B-00C04F79EFBC}") = "R5T.D0094.Base", "R5T.D0094.Base\R5T.D0094.Base.csproj", "{4D6CB182-1A82-4486-8C0B-F9077207AD49}"
EndProject
Project("{FAE04EC0-301F-11D3-BF4B-00C04F79EFBC}") = "R5T.Dacia.Extensions", "..\..\R5T.Dacia.Extensions\source\R5T.Dacia.Extensions\R5T.Dacia.Extensions.csproj", "{577258E8-3D8B-445F-8EBD-29A1270F20E3}"
EndProject
Project("{FAE04EC0-301F-11D3-BF4B-00C04F79EFBC}") = "R5T.Dacia.T002", "..\..\R5T.Dacia\source\R5T.Dacia.T002\R5T.Dacia.T002.csproj", "{7DE33385-21B9-4F74-A4C7-96E1804D0424}"
EndProject
Global
	GlobalSection(SolutionConfigurationPlatforms) = preSolution
		Debug|Any CPU = Debug|Any CPU
		Debug|x64 = Debug|x64
		Debug|x86 = Debug|x86
		Release|Any CPU = Release|Any CPU
		Release|x64 = Release|x64
		Release|x86 = Release|x86
	EndGlobalSection
	GlobalSection(SolutionProperties) = preSolution
		HideSolutionNode = FALSE
	EndGlobalSection
	GlobalSection(ProjectConfigurationPlatforms) = postSolution
		{060527DA-06FB-4ADD-A454-0D07A2420F5F}.Debug|Any CPU.ActiveCfg = Debug|Any CPU
		{060527DA-06FB-4ADD-A454-0D07A2420F5F}.Debug|Any CPU.Build.0 = Debug|Any CPU
		{060527DA-06FB-4ADD-A454-0D07A2420F5F}.Debug|x64.ActiveCfg = Debug|Any CPU
		{060527DA-06FB-4ADD-A454-0D07A2420F5F}.Debug|x64.Build.0 = Debug|Any CPU
		{060527DA-06FB-4ADD-A454-0D07A2420F5F}.Debug|x86.ActiveCfg = Debug|Any CPU
		{060527DA-06FB-4ADD-A454-0D07A2420F5F}.Debug|x86.Build.0 = Debug|Any CPU
		{060527DA-06FB-4ADD-A454-0D07A2420F5F}.Release|Any CPU.ActiveCfg = Release|Any CPU
		{060527DA-06FB-4ADD-A454-0D07A2420F5F}.Release|Any CPU.Build.0 = Release|Any CPU
		{060527DA-06FB-4ADD-A454-0D07A2420F5F}.Release|x64.ActiveCfg = Release|Any CPU
		{060527DA-06FB-4ADD-A454-0D07A2420F5F}.Release|x64.Build.0 = Release|Any CPU
		{060527DA-06FB-4ADD-A454-0D07A2420F5F}.Release|x86.ActiveCfg = Release|Any CPU
		{060527DA-06FB-4ADD-A454-0D07A2420F5F}.Release|x86.Build.0 = Release|Any CPU
		{015F80C6-4DF7-471F-B124-EDB47A50F98E}.Debug|Any CPU.ActiveCfg = Debug|Any CPU
		{015F80C6-4DF7-471F-B124-EDB47A50F98E}.Debug|Any CPU.Build.0 = Debug|Any CPU
		{015F80C6-4DF7-471F-B124-EDB47A50F98E}.Debug|x64.ActiveCfg = Debug|Any CPU
		{015F80C6-4DF7-471F-B124-EDB47A50F98E}.Debug|x64.Build.0 = Debug|Any CPU
		{015F80C6-4DF7-471F-B124-EDB47A50F98E}.Debug|x86.ActiveCfg = Debug|Any CPU
		{015F80C6-4DF7-471F-B124-EDB47A50F98E}.Debug|x86.Build.0 = Debug|Any CPU
		{015F80C6-4DF7-471F-B124-EDB47A50F98E}.Release|Any CPU.ActiveCfg = Release|Any CPU
		{015F80C6-4DF7-471F-B124-EDB47A50F98E}.Release|Any CPU.Build.0 = Release|Any CPU
		{015F80C6-4DF7-471F-B124-EDB47A50F98E}.Release|x64.ActiveCfg = Release|Any CPU
		{015F80C6-4DF7-471F-B124-EDB47A50F98E}.Release|x64.Build.0 = Release|Any CPU
		{015F80C6-4DF7-471F-B124-EDB47A50F98E}.Release|x86.ActiveCfg = Release|Any CPU
		{015F80C6-4DF7-471F-B124-EDB47A50F98E}.Release|x86.Build.0 = Release|Any CPU
		{1E81615F-4C0E-49CE-9AE1-E5407D39BAE7}.Debug|Any CPU.ActiveCfg = Debug|Any CPU
		{1E81615F-4C0E-49CE-9AE1-E5407D39BAE7}.Debug|Any CPU.Build.0 = Debug|Any CPU
		{1E81615F-4C0E-49CE-9AE1-E5407D39BAE7}.Debug|x64.ActiveCfg = Debug|Any CPU
		{1E81615F-4C0E-49CE-9AE1-E5407D39BAE7}.Debug|x64.Build.0 = Debug|Any CPU
		{1E81615F-4C0E-49CE-9AE1-E5407D39BAE7}.Debug|x86.ActiveCfg = Debug|Any CPU
		{1E81615F-4C0E-49CE-9AE1-E5407D39BAE7}.Debug|x86.Build.0 = Debug|Any CPU
		{1E81615F-4C0E-49CE-9AE1-E5407D39BAE7}.Release|Any CPU.ActiveCfg = Release|Any CPU
		{1E81615F-4C0E-49CE-9AE1-E5407D39BAE7}.Release|Any CPU.Build.0 = Release|Any CPU
		{1E81615F-4C0E-49CE-9AE1-E5407D39BAE7}.Release|x64.ActiveCfg = Release|Any CPU
		{1E81615F-4C0E-49CE-9AE1-E5407D39BAE7}.Release|x64.Build.0 = Release|Any CPU
		{1E81615F-4C0E-49CE-9AE1-E5407D39BAE7}.Release|x86.ActiveCfg = Release|Any CPU
		{1E81615F-4C0E-49CE-9AE1-E5407D39BAE7}.Release|x86.Build.0 = Release|Any CPU
		{08A907CC-B1C3-4812-90A4-D37F12999533}.Debug|Any CPU.ActiveCfg = Debug|Any CPU
		{08A907CC-B1C3-4812-90A4-D37F12999533}.Debug|Any CPU.Build.0 = Debug|Any CPU
		{08A907CC-B1C3-4812-90A4-D37F12999533}.Debug|x64.ActiveCfg = Debug|Any CPU
		{08A907CC-B1C3-4812-90A4-D37F12999533}.Debug|x64.Build.0 = Debug|Any CPU
		{08A907CC-B1C3-4812-90A4-D37F12999533}.Debug|x86.ActiveCfg = Debug|Any CPU
		{08A907CC-B1C3-4812-90A4-D37F12999533}.Debug|x86.Build.0 = Debug|Any CPU
		{08A907CC-B1C3-4812-90A4-D37F12999533}.Release|Any CPU.ActiveCfg = Release|Any CPU
		{08A907CC-B1C3-4812-90A4-D37F12999533}.Release|Any CPU.Build.0 = Release|Any CPU
		{08A907CC-B1C3-4812-90A4-D37F12999533}.Release|x64.ActiveCfg = Release|Any CPU
		{08A907CC-B1C3-4812-90A4-D37F12999533}.Release|x64.Build.0 = Release|Any CPU
		{08A907CC-B1C3-4812-90A4-D37F12999533}.Release|x86.ActiveCfg = Release|Any CPU
		{08A907CC-B1C3-4812-90A4-D37F12999533}.Release|x86.Build.0 = Release|Any CPU
		{4D6CB182-1A82-4486-8C0B-F9077207AD49}.Debug|Any CPU.ActiveCfg = Debug|Any CPU
		{4D6CB182-1A82-4486-8C0B-F9077207AD49}.Debug|Any CPU.Build.0 = Debug|Any CPU
		{4D6CB182-1A82-4486-8C0B-F9077207AD49}.Debug|x64.ActiveCfg = Debug|Any CPU
		{4D6CB182-1A82-4486-8C0B-F9077207AD49}.Debug|x64.Build.0 = Debug|Any CPU
		{4D6CB182-1A82-4486-8C0B-F9077207AD49}.Debug|x86.ActiveCfg = Debug|Any CPU
		{4D6CB182-1A82-4486-8C0B-F9077207AD49}.Debug|x86.Build.0 = Debug|Any CPU
		{4D6CB182-1A82-4486-8C0B-F9077207AD49}.Release|Any CPU.ActiveCfg = Release|Any CPU
		{4D6CB182-1A82-4486-8C0B-F9077207AD49}.Release|Any CPU.Build.0 = Release|Any CPU
		{4D6CB182-1A82-4486-8C0B-F9077207AD49}.Release|x64.ActiveCfg = Release|Any CPU
		{4D6CB182-1A82-4486-8C0B-F9077207AD49}.Release|x64.Build.0 = Release|Any CPU
		{4D6CB182-1A82-4486-8C0B-F9077207AD49}.Release|x86.ActiveCfg = Release|Any CPU
		{4D6CB182-1A82-4486-8C0B-F9077207AD49}.Release|x86.Build.0 = Release|Any CPU
		{577258E8-3D8B-445F-8EBD-29A1270F20E3}.Debug|Any CPU.ActiveCfg = Debug|Any CPU
		{577258E8-3D8B-445F-8EBD-29A1270F20E3}.Debug|Any CPU.Build.0 = Debug|Any CPU
		{577258E8-3D8B-445F-8EBD-29A1270F20E3}.Debug|x64.ActiveCfg = Debug|Any CPU
		{577258E8-3D8B-445F-8EBD-29A1270F20E3}.Debug|x64.Build.0 = Debug|Any CPU
		{577258E8-3D8B-445F-8EBD-29A1270F20E3}.Debug|x86.ActiveCfg = Debug|Any CPU
		{577258E8-3D8B-445F-8EBD-29A1270F20E3}.Debug|x86.Build.0 = Debug|Any CPU
		{577258E8-3D8B-445F-8EBD-29A1270F20E3}.Release|Any CPU.ActiveCfg = Release|Any CPU
		{577258E8-3D8B-445F-8EBD-29A1270F20E3}.Release|Any CPU.Build.0 = Release|Any CPU
		{577258E8-3D8B-445F-8EBD-29A1270F20E3}.Release|x64.ActiveCfg = Release|Any CPU
		{577258E8-3D8B-445F-8EBD-29A1270F20E3}.Release|x64.Build.0 = Release|Any CPU
		{577258E8-3D8B-445F-8EBD-29A1270F20E3}.Release|x86.ActiveCfg = Release|Any CPU
		{577258E8-3D8B-445F-8EBD-29A1270F20E3}.Release|x86.Build.0 = Release|Any CPU
		{7DE33385-21B9-4F74-A4C7-96E1804D0424}.Debug|Any CPU.ActiveCfg = Debug|Any CPU
		{7DE33385-21B9-4F74-A4C7-96E1804D0424}.Debug|Any CPU.Build.0 = Debug|Any CPU
		{7DE33385-21B9-4F74-A4C7-96E1804D0424}.Debug|x64.ActiveCfg = Debug|Any CPU
		{7DE33385-21B9-4F74-A4C7-96E1804D0424}.Debug|x64.Build.0 = Debug|Any CPU
		{7DE33385-21B9-4F74-A4C7-96E1804D0424}.Debug|x86.ActiveCfg = Debug|Any CPU
		{7DE33385-21B9-4F74-A4C7-96E1804D0424}.Debug|x86.Build.0 = Debug|Any CPU
		{7DE33385-21B9-4F74-A4C7-96E1804D0424}.Release|Any CPU.ActiveCfg = Release|Any CPU
		{7DE33385-21B9-4F74-A4C7-96E1804D0424}.Release|Any CPU.Build.0 = Release|Any CPU
		{7DE33385-21B9-4F74-A4C7-96E1804D0424}.Release|x64.ActiveCfg = Release|Any CPU
		{7DE33385-21B9-4F74-A4C7-96E1804D0424}.Release|x64.Build.0 = Release|Any CPU
		{7DE33385-21B9-4F74-A4C7-96E1804D0424}.Release|x86.ActiveCfg = Release|Any CPU
		{7DE33385-21B9-4F74-A4C7-96E1804D0424}.Release|x86.Build.0 = Release|Any CPU
	EndGlobalSection
	GlobalSection(NestedProjects) = preSolution
		{015F80C6-4DF7-471F-B124-EDB47A50F98E} = {9BB14F92-20F3-4169-974D-D11588879321}
		{1E81615F-4C0E-49CE-9AE1-E5407D39BAE7} = {9BB14F92-20F3-4169-974D-D11588879321}
		{577258E8-3D8B-445F-8EBD-29A1270F20E3} = {9BB14F92-20F3-4169-974D-D11588879321}
		{7DE33385-21B9-4F74-A4C7-96E1804D0424} = {9BB14F92-20F3-4169-974D-D11588879321}
	EndGlobalSection
EndGlobal
