
Microsoft Visual Studio Solution File, Format Version 12.00
# Visual Studio Version 16
VisualStudioVersion = 16.6.30114.105
MinimumVisualStudioVersion = 10.0.40219.1
Project("{9A19103F-16F7-4668-BE54-9A1E7A4F7556}") = "R5T.D0094.Base", "R5T.D0094.Base\R5T.D0094.Base.csproj", "{8DF190B4-9C5F-4939-AF6A-057FD7539332}"
EndProject
Project("{2150E333-8FDC-42A3-9474-1A3956D46DE8}") = "_Dependencies", "_Dependencies", "{7968A266-6D31-45EB-9679-AE912F4D7463}"
EndProject
Project("{9A19103F-16F7-4668-BE54-9A1E7A4F7556}") = "R5T.D0094.I001", "R5T.D0094.I001\R5T.D0094.I001.csproj", "{7F98404A-38B5-4761-A7C9-432FA79E5040}"
EndProject
Project("{9A19103F-16F7-4668-BE54-9A1E7A4F7556}") = "R5T.T0064", "..\..\R5T.T0064\source\R5T.T0064\R5T.T0064.csproj", "{9E677C69-127A-450A-B538-1B2D464AD952}"
EndProject
Project("{9A19103F-16F7-4668-BE54-9A1E7A4F7556}") = "R5T.L0017", "..\..\R5T.L0017\source\R5T.L0017\R5T.L0017.csproj", "{EF1C29A2-2D7D-4097-98BB-9A276739541A}"
EndProject
Project("{9A19103F-16F7-4668-BE54-9A1E7A4F7556}") = "R5T.D0093.Base", "..\..\R5T.D0093\source\R5T.D0093.Base\R5T.D0093.Base.csproj", "{A95B1EF8-0694-4F2B-B3E9-96854615D4DD}"
EndProject
Project("{9A19103F-16F7-4668-BE54-9A1E7A4F7556}") = "R5T.L0017.T002", "..\..\R5T.L0017\source\R5T.L0017.T002\R5T.L0017.T002.csproj", "{2CB287F9-723C-487F-B2B8-3AD17A3DFD8A}"
EndProject
Project("{9A19103F-16F7-4668-BE54-9A1E7A4F7556}") = "R5T.L0017.X002", "..\..\R5T.L0017\source\R5T.L0017.X002\R5T.L0017.X002.csproj", "{66DFA421-B383-4278-8367-235E6AC89316}"
EndProject
Project("{9A19103F-16F7-4668-BE54-9A1E7A4F7556}") = "R5T.Magyar", "..\..\R5T.Magyar\source\R5T.Magyar\R5T.Magyar.csproj", "{58D31C8E-DDD3-4BED-89B4-8BFE3887466D}"
EndProject
Project("{9A19103F-16F7-4668-BE54-9A1E7A4F7556}") = "R5T.T0086.X001", "..\..\R5T.T0086\source\R5T.T0086.X001\R5T.T0086.X001.csproj", "{7C790E14-654B-455A-A2BB-FA4D4F3F7215}"
EndProject
Project("{9A19103F-16F7-4668-BE54-9A1E7A4F7556}") = "R5T.T0086", "..\..\R5T.T0086\source\R5T.T0086\R5T.T0086.csproj", "{5C31E859-DEA7-4493-836C-B1E2E3C2C5BD}"
EndProject
Project("{9A19103F-16F7-4668-BE54-9A1E7A4F7556}") = "R5T.T0039.T002", "..\..\R5T.T0039\source\R5T.T0039.T002\R5T.T0039.T002.csproj", "{70BF7A2D-0D28-41C4-831B-4ABE3E1F2D11}"
EndProject
Project("{9A19103F-16F7-4668-BE54-9A1E7A4F7556}") = "R5T.T0088.X001", "..\..\R5T.T0088\source\R5T.T0088.X001\R5T.T0088.X001.csproj", "{124BA86B-50B0-4F2B-AEE1-DAFFD6F0C6F9}"
EndProject
Project("{9A19103F-16F7-4668-BE54-9A1E7A4F7556}") = "R5T.T0087", "..\..\R5T.T0087\source\R5T.T0087\R5T.T0087.csproj", "{5A1AA268-6017-4433-A45F-CCD8814C8631}"
EndProject
Project("{9A19103F-16F7-4668-BE54-9A1E7A4F7556}") = "R5T.T0088.X002", "..\..\R5T.T0088\source\R5T.T0088.X002\R5T.T0088.X002.csproj", "{7ED00AD5-EE76-4254-9289-8B9D7F5AC343}"
EndProject
Project("{9A19103F-16F7-4668-BE54-9A1E7A4F7556}") = "R5T.T0089.X001", "..\..\R5T.T0089\source\R5T.T0089.X001\R5T.T0089.X001.csproj", "{FDF33935-6DEF-4F66-9396-329A84FA4F07}"
EndProject
Project("{9A19103F-16F7-4668-BE54-9A1E7A4F7556}") = "R5T.T0089", "..\..\R5T.T0089\source\R5T.T0089\R5T.T0089.csproj", "{380D883C-82D3-45E0-8B4E-B25602F09596}"
EndProject
Project("{9A19103F-16F7-4668-BE54-9A1E7A4F7556}") = "R5T.T0088", "..\..\R5T.T0088\source\R5T.T0088\R5T.T0088.csproj", "{09D5E01B-149B-4530-AA7C-53F842B1B744}"
EndProject
Project("{9A19103F-16F7-4668-BE54-9A1E7A4F7556}") = "R5T.T0063", "..\..\R5T.T0063\source\R5T.T0063\R5T.T0063.csproj", "{8A5F90AC-C0BC-44A3-8EE8-01D70FFF3132}"
EndProject
Project("{9A19103F-16F7-4668-BE54-9A1E7A4F7556}") = "R5T.T0088.X000", "..\..\R5T.T0088\source\R5T.T0088.X000\R5T.T0088.X000.csproj", "{5CB7C279-78A8-41EC-B9E9-AFF2E67E8C4F}"
EndProject
Project("{9A19103F-16F7-4668-BE54-9A1E7A4F7556}") = "R5T.T0088.X003", "..\..\R5T.T0088\source\R5T.T0088.X003\R5T.T0088.X003.csproj", "{3019A0A2-AB2C-4B65-ACE8-4920D8380449}"
EndProject
Global
	GlobalSection(SolutionConfigurationPlatforms) = preSolution
		Debug|Any CPU = Debug|Any CPU
		Debug|x64 = Debug|x64
		Debug|x86 = Debug|x86
		Release|Any CPU = Release|Any CPU
		Release|x64 = Release|x64
		Release|x86 = Release|x86
	EndGlobalSection
	GlobalSection(ProjectConfigurationPlatforms) = postSolution
		{8DF190B4-9C5F-4939-AF6A-057FD7539332}.Debug|Any CPU.ActiveCfg = Debug|Any CPU
		{8DF190B4-9C5F-4939-AF6A-057FD7539332}.Debug|Any CPU.Build.0 = Debug|Any CPU
		{8DF190B4-9C5F-4939-AF6A-057FD7539332}.Debug|x64.ActiveCfg = Debug|Any CPU
		{8DF190B4-9C5F-4939-AF6A-057FD7539332}.Debug|x64.Build.0 = Debug|Any CPU
		{8DF190B4-9C5F-4939-AF6A-057FD7539332}.Debug|x86.ActiveCfg = Debug|Any CPU
		{8DF190B4-9C5F-4939-AF6A-057FD7539332}.Debug|x86.Build.0 = Debug|Any CPU
		{8DF190B4-9C5F-4939-AF6A-057FD7539332}.Release|Any CPU.ActiveCfg = Release|Any CPU
		{8DF190B4-9C5F-4939-AF6A-057FD7539332}.Release|Any CPU.Build.0 = Release|Any CPU
		{8DF190B4-9C5F-4939-AF6A-057FD7539332}.Release|x64.ActiveCfg = Release|Any CPU
		{8DF190B4-9C5F-4939-AF6A-057FD7539332}.Release|x64.Build.0 = Release|Any CPU
		{8DF190B4-9C5F-4939-AF6A-057FD7539332}.Release|x86.ActiveCfg = Release|Any CPU
		{8DF190B4-9C5F-4939-AF6A-057FD7539332}.Release|x86.Build.0 = Release|Any CPU
		{7F98404A-38B5-4761-A7C9-432FA79E5040}.Debug|Any CPU.ActiveCfg = Debug|Any CPU
		{7F98404A-38B5-4761-A7C9-432FA79E5040}.Debug|Any CPU.Build.0 = Debug|Any CPU
		{7F98404A-38B5-4761-A7C9-432FA79E5040}.Debug|x64.ActiveCfg = Debug|Any CPU
		{7F98404A-38B5-4761-A7C9-432FA79E5040}.Debug|x64.Build.0 = Debug|Any CPU
		{7F98404A-38B5-4761-A7C9-432FA79E5040}.Debug|x86.ActiveCfg = Debug|Any CPU
		{7F98404A-38B5-4761-A7C9-432FA79E5040}.Debug|x86.Build.0 = Debug|Any CPU
		{7F98404A-38B5-4761-A7C9-432FA79E5040}.Release|Any CPU.ActiveCfg = Release|Any CPU
		{7F98404A-38B5-4761-A7C9-432FA79E5040}.Release|Any CPU.Build.0 = Release|Any CPU
		{7F98404A-38B5-4761-A7C9-432FA79E5040}.Release|x64.ActiveCfg = Release|Any CPU
		{7F98404A-38B5-4761-A7C9-432FA79E5040}.Release|x64.Build.0 = Release|Any CPU
		{7F98404A-38B5-4761-A7C9-432FA79E5040}.Release|x86.ActiveCfg = Release|Any CPU
		{7F98404A-38B5-4761-A7C9-432FA79E5040}.Release|x86.Build.0 = Release|Any CPU
		{9E677C69-127A-450A-B538-1B2D464AD952}.Debug|Any CPU.ActiveCfg = Debug|Any CPU
		{9E677C69-127A-450A-B538-1B2D464AD952}.Debug|Any CPU.Build.0 = Debug|Any CPU
		{9E677C69-127A-450A-B538-1B2D464AD952}.Debug|x64.ActiveCfg = Debug|Any CPU
		{9E677C69-127A-450A-B538-1B2D464AD952}.Debug|x64.Build.0 = Debug|Any CPU
		{9E677C69-127A-450A-B538-1B2D464AD952}.Debug|x86.ActiveCfg = Debug|Any CPU
		{9E677C69-127A-450A-B538-1B2D464AD952}.Debug|x86.Build.0 = Debug|Any CPU
		{9E677C69-127A-450A-B538-1B2D464AD952}.Release|Any CPU.ActiveCfg = Release|Any CPU
		{9E677C69-127A-450A-B538-1B2D464AD952}.Release|Any CPU.Build.0 = Release|Any CPU
		{9E677C69-127A-450A-B538-1B2D464AD952}.Release|x64.ActiveCfg = Release|Any CPU
		{9E677C69-127A-450A-B538-1B2D464AD952}.Release|x64.Build.0 = Release|Any CPU
		{9E677C69-127A-450A-B538-1B2D464AD952}.Release|x86.ActiveCfg = Release|Any CPU
		{9E677C69-127A-450A-B538-1B2D464AD952}.Release|x86.Build.0 = Release|Any CPU
		{EF1C29A2-2D7D-4097-98BB-9A276739541A}.Debug|Any CPU.ActiveCfg = Debug|Any CPU
		{EF1C29A2-2D7D-4097-98BB-9A276739541A}.Debug|Any CPU.Build.0 = Debug|Any CPU
		{EF1C29A2-2D7D-4097-98BB-9A276739541A}.Debug|x64.ActiveCfg = Debug|Any CPU
		{EF1C29A2-2D7D-4097-98BB-9A276739541A}.Debug|x64.Build.0 = Debug|Any CPU
		{EF1C29A2-2D7D-4097-98BB-9A276739541A}.Debug|x86.ActiveCfg = Debug|Any CPU
		{EF1C29A2-2D7D-4097-98BB-9A276739541A}.Debug|x86.Build.0 = Debug|Any CPU
		{EF1C29A2-2D7D-4097-98BB-9A276739541A}.Release|Any CPU.ActiveCfg = Release|Any CPU
		{EF1C29A2-2D7D-4097-98BB-9A276739541A}.Release|Any CPU.Build.0 = Release|Any CPU
		{EF1C29A2-2D7D-4097-98BB-9A276739541A}.Release|x64.ActiveCfg = Release|Any CPU
		{EF1C29A2-2D7D-4097-98BB-9A276739541A}.Release|x64.Build.0 = Release|Any CPU
		{EF1C29A2-2D7D-4097-98BB-9A276739541A}.Release|x86.ActiveCfg = Release|Any CPU
		{EF1C29A2-2D7D-4097-98BB-9A276739541A}.Release|x86.Build.0 = Release|Any CPU
		{A95B1EF8-0694-4F2B-B3E9-96854615D4DD}.Debug|Any CPU.ActiveCfg = Debug|Any CPU
		{A95B1EF8-0694-4F2B-B3E9-96854615D4DD}.Debug|Any CPU.Build.0 = Debug|Any CPU
		{A95B1EF8-0694-4F2B-B3E9-96854615D4DD}.Debug|x64.ActiveCfg = Debug|Any CPU
		{A95B1EF8-0694-4F2B-B3E9-96854615D4DD}.Debug|x64.Build.0 = Debug|Any CPU
		{A95B1EF8-0694-4F2B-B3E9-96854615D4DD}.Debug|x86.ActiveCfg = Debug|Any CPU
		{A95B1EF8-0694-4F2B-B3E9-96854615D4DD}.Debug|x86.Build.0 = Debug|Any CPU
		{A95B1EF8-0694-4F2B-B3E9-96854615D4DD}.Release|Any CPU.ActiveCfg = Release|Any CPU
		{A95B1EF8-0694-4F2B-B3E9-96854615D4DD}.Release|Any CPU.Build.0 = Release|Any CPU
		{A95B1EF8-0694-4F2B-B3E9-96854615D4DD}.Release|x64.ActiveCfg = Release|Any CPU
		{A95B1EF8-0694-4F2B-B3E9-96854615D4DD}.Release|x64.Build.0 = Release|Any CPU
		{A95B1EF8-0694-4F2B-B3E9-96854615D4DD}.Release|x86.ActiveCfg = Release|Any CPU
		{A95B1EF8-0694-4F2B-B3E9-96854615D4DD}.Release|x86.Build.0 = Release|Any CPU
		{2CB287F9-723C-487F-B2B8-3AD17A3DFD8A}.Debug|Any CPU.ActiveCfg = Debug|Any CPU
		{2CB287F9-723C-487F-B2B8-3AD17A3DFD8A}.Debug|Any CPU.Build.0 = Debug|Any CPU
		{2CB287F9-723C-487F-B2B8-3AD17A3DFD8A}.Debug|x64.ActiveCfg = Debug|Any CPU
		{2CB287F9-723C-487F-B2B8-3AD17A3DFD8A}.Debug|x64.Build.0 = Debug|Any CPU
		{2CB287F9-723C-487F-B2B8-3AD17A3DFD8A}.Debug|x86.ActiveCfg = Debug|Any CPU
		{2CB287F9-723C-487F-B2B8-3AD17A3DFD8A}.Debug|x86.Build.0 = Debug|Any CPU
		{2CB287F9-723C-487F-B2B8-3AD17A3DFD8A}.Release|Any CPU.ActiveCfg = Release|Any CPU
		{2CB287F9-723C-487F-B2B8-3AD17A3DFD8A}.Release|Any CPU.Build.0 = Release|Any CPU
		{2CB287F9-723C-487F-B2B8-3AD17A3DFD8A}.Release|x64.ActiveCfg = Release|Any CPU
		{2CB287F9-723C-487F-B2B8-3AD17A3DFD8A}.Release|x64.Build.0 = Release|Any CPU
		{2CB287F9-723C-487F-B2B8-3AD17A3DFD8A}.Release|x86.ActiveCfg = Release|Any CPU
		{2CB287F9-723C-487F-B2B8-3AD17A3DFD8A}.Release|x86.Build.0 = Release|Any CPU
		{66DFA421-B383-4278-8367-235E6AC89316}.Debug|Any CPU.ActiveCfg = Debug|Any CPU
		{66DFA421-B383-4278-8367-235E6AC89316}.Debug|Any CPU.Build.0 = Debug|Any CPU
		{66DFA421-B383-4278-8367-235E6AC89316}.Debug|x64.ActiveCfg = Debug|Any CPU
		{66DFA421-B383-4278-8367-235E6AC89316}.Debug|x64.Build.0 = Debug|Any CPU
		{66DFA421-B383-4278-8367-235E6AC89316}.Debug|x86.ActiveCfg = Debug|Any CPU
		{66DFA421-B383-4278-8367-235E6AC89316}.Debug|x86.Build.0 = Debug|Any CPU
		{66DFA421-B383-4278-8367-235E6AC89316}.Release|Any CPU.ActiveCfg = Release|Any CPU
		{66DFA421-B383-4278-8367-235E6AC89316}.Release|Any CPU.Build.0 = Release|Any CPU
		{66DFA421-B383-4278-8367-235E6AC89316}.Release|x64.ActiveCfg = Release|Any CPU
		{66DFA421-B383-4278-8367-235E6AC89316}.Release|x64.Build.0 = Release|Any CPU
		{66DFA421-B383-4278-8367-235E6AC89316}.Release|x86.ActiveCfg = Release|Any CPU
		{66DFA421-B383-4278-8367-235E6AC89316}.Release|x86.Build.0 = Release|Any CPU
		{58D31C8E-DDD3-4BED-89B4-8BFE3887466D}.Debug|Any CPU.ActiveCfg = Debug|Any CPU
		{58D31C8E-DDD3-4BED-89B4-8BFE3887466D}.Debug|Any CPU.Build.0 = Debug|Any CPU
		{58D31C8E-DDD3-4BED-89B4-8BFE3887466D}.Debug|x64.ActiveCfg = Debug|Any CPU
		{58D31C8E-DDD3-4BED-89B4-8BFE3887466D}.Debug|x64.Build.0 = Debug|Any CPU
		{58D31C8E-DDD3-4BED-89B4-8BFE3887466D}.Debug|x86.ActiveCfg = Debug|Any CPU
		{58D31C8E-DDD3-4BED-89B4-8BFE3887466D}.Debug|x86.Build.0 = Debug|Any CPU
		{58D31C8E-DDD3-4BED-89B4-8BFE3887466D}.Release|Any CPU.ActiveCfg = Release|Any CPU
		{58D31C8E-DDD3-4BED-89B4-8BFE3887466D}.Release|Any CPU.Build.0 = Release|Any CPU
		{58D31C8E-DDD3-4BED-89B4-8BFE3887466D}.Release|x64.ActiveCfg = Release|Any CPU
		{58D31C8E-DDD3-4BED-89B4-8BFE3887466D}.Release|x64.Build.0 = Release|Any CPU
		{58D31C8E-DDD3-4BED-89B4-8BFE3887466D}.Release|x86.ActiveCfg = Release|Any CPU
		{58D31C8E-DDD3-4BED-89B4-8BFE3887466D}.Release|x86.Build.0 = Release|Any CPU
		{7C790E14-654B-455A-A2BB-FA4D4F3F7215}.Debug|Any CPU.ActiveCfg = Debug|Any CPU
		{7C790E14-654B-455A-A2BB-FA4D4F3F7215}.Debug|Any CPU.Build.0 = Debug|Any CPU
		{7C790E14-654B-455A-A2BB-FA4D4F3F7215}.Debug|x64.ActiveCfg = Debug|Any CPU
		{7C790E14-654B-455A-A2BB-FA4D4F3F7215}.Debug|x64.Build.0 = Debug|Any CPU
		{7C790E14-654B-455A-A2BB-FA4D4F3F7215}.Debug|x86.ActiveCfg = Debug|Any CPU
		{7C790E14-654B-455A-A2BB-FA4D4F3F7215}.Debug|x86.Build.0 = Debug|Any CPU
		{7C790E14-654B-455A-A2BB-FA4D4F3F7215}.Release|Any CPU.ActiveCfg = Release|Any CPU
		{7C790E14-654B-455A-A2BB-FA4D4F3F7215}.Release|Any CPU.Build.0 = Release|Any CPU
		{7C790E14-654B-455A-A2BB-FA4D4F3F7215}.Release|x64.ActiveCfg = Release|Any CPU
		{7C790E14-654B-455A-A2BB-FA4D4F3F7215}.Release|x64.Build.0 = Release|Any CPU
		{7C790E14-654B-455A-A2BB-FA4D4F3F7215}.Release|x86.ActiveCfg = Release|Any CPU
		{7C790E14-654B-455A-A2BB-FA4D4F3F7215}.Release|x86.Build.0 = Release|Any CPU
		{5C31E859-DEA7-4493-836C-B1E2E3C2C5BD}.Debug|Any CPU.ActiveCfg = Debug|Any CPU
		{5C31E859-DEA7-4493-836C-B1E2E3C2C5BD}.Debug|Any CPU.Build.0 = Debug|Any CPU
		{5C31E859-DEA7-4493-836C-B1E2E3C2C5BD}.Debug|x64.ActiveCfg = Debug|Any CPU
		{5C31E859-DEA7-4493-836C-B1E2E3C2C5BD}.Debug|x64.Build.0 = Debug|Any CPU
		{5C31E859-DEA7-4493-836C-B1E2E3C2C5BD}.Debug|x86.ActiveCfg = Debug|Any CPU
		{5C31E859-DEA7-4493-836C-B1E2E3C2C5BD}.Debug|x86.Build.0 = Debug|Any CPU
		{5C31E859-DEA7-4493-836C-B1E2E3C2C5BD}.Release|Any CPU.ActiveCfg = Release|Any CPU
		{5C31E859-DEA7-4493-836C-B1E2E3C2C5BD}.Release|Any CPU.Build.0 = Release|Any CPU
		{5C31E859-DEA7-4493-836C-B1E2E3C2C5BD}.Release|x64.ActiveCfg = Release|Any CPU
		{5C31E859-DEA7-4493-836C-B1E2E3C2C5BD}.Release|x64.Build.0 = Release|Any CPU
		{5C31E859-DEA7-4493-836C-B1E2E3C2C5BD}.Release|x86.ActiveCfg = Release|Any CPU
		{5C31E859-DEA7-4493-836C-B1E2E3C2C5BD}.Release|x86.Build.0 = Release|Any CPU
		{70BF7A2D-0D28-41C4-831B-4ABE3E1F2D11}.Debug|Any CPU.ActiveCfg = Debug|Any CPU
		{70BF7A2D-0D28-41C4-831B-4ABE3E1F2D11}.Debug|Any CPU.Build.0 = Debug|Any CPU
		{70BF7A2D-0D28-41C4-831B-4ABE3E1F2D11}.Debug|x64.ActiveCfg = Debug|Any CPU
		{70BF7A2D-0D28-41C4-831B-4ABE3E1F2D11}.Debug|x64.Build.0 = Debug|Any CPU
		{70BF7A2D-0D28-41C4-831B-4ABE3E1F2D11}.Debug|x86.ActiveCfg = Debug|Any CPU
		{70BF7A2D-0D28-41C4-831B-4ABE3E1F2D11}.Debug|x86.Build.0 = Debug|Any CPU
		{70BF7A2D-0D28-41C4-831B-4ABE3E1F2D11}.Release|Any CPU.ActiveCfg = Release|Any CPU
		{70BF7A2D-0D28-41C4-831B-4ABE3E1F2D11}.Release|Any CPU.Build.0 = Release|Any CPU
		{70BF7A2D-0D28-41C4-831B-4ABE3E1F2D11}.Release|x64.ActiveCfg = Release|Any CPU
		{70BF7A2D-0D28-41C4-831B-4ABE3E1F2D11}.Release|x64.Build.0 = Release|Any CPU
		{70BF7A2D-0D28-41C4-831B-4ABE3E1F2D11}.Release|x86.ActiveCfg = Release|Any CPU
		{70BF7A2D-0D28-41C4-831B-4ABE3E1F2D11}.Release|x86.Build.0 = Release|Any CPU
		{124BA86B-50B0-4F2B-AEE1-DAFFD6F0C6F9}.Debug|Any CPU.ActiveCfg = Debug|Any CPU
		{124BA86B-50B0-4F2B-AEE1-DAFFD6F0C6F9}.Debug|Any CPU.Build.0 = Debug|Any CPU
		{124BA86B-50B0-4F2B-AEE1-DAFFD6F0C6F9}.Debug|x64.ActiveCfg = Debug|Any CPU
		{124BA86B-50B0-4F2B-AEE1-DAFFD6F0C6F9}.Debug|x64.Build.0 = Debug|Any CPU
		{124BA86B-50B0-4F2B-AEE1-DAFFD6F0C6F9}.Debug|x86.ActiveCfg = Debug|Any CPU
		{124BA86B-50B0-4F2B-AEE1-DAFFD6F0C6F9}.Debug|x86.Build.0 = Debug|Any CPU
		{124BA86B-50B0-4F2B-AEE1-DAFFD6F0C6F9}.Release|Any CPU.ActiveCfg = Release|Any CPU
		{124BA86B-50B0-4F2B-AEE1-DAFFD6F0C6F9}.Release|Any CPU.Build.0 = Release|Any CPU
		{124BA86B-50B0-4F2B-AEE1-DAFFD6F0C6F9}.Release|x64.ActiveCfg = Release|Any CPU
		{124BA86B-50B0-4F2B-AEE1-DAFFD6F0C6F9}.Release|x64.Build.0 = Release|Any CPU
		{124BA86B-50B0-4F2B-AEE1-DAFFD6F0C6F9}.Release|x86.ActiveCfg = Release|Any CPU
		{124BA86B-50B0-4F2B-AEE1-DAFFD6F0C6F9}.Release|x86.Build.0 = Release|Any CPU
		{5A1AA268-6017-4433-A45F-CCD8814C8631}.Debug|Any CPU.ActiveCfg = Debug|Any CPU
		{5A1AA268-6017-4433-A45F-CCD8814C8631}.Debug|Any CPU.Build.0 = Debug|Any CPU
		{5A1AA268-6017-4433-A45F-CCD8814C8631}.Debug|x64.ActiveCfg = Debug|Any CPU
		{5A1AA268-6017-4433-A45F-CCD8814C8631}.Debug|x64.Build.0 = Debug|Any CPU
		{5A1AA268-6017-4433-A45F-CCD8814C8631}.Debug|x86.ActiveCfg = Debug|Any CPU
		{5A1AA268-6017-4433-A45F-CCD8814C8631}.Debug|x86.Build.0 = Debug|Any CPU
		{5A1AA268-6017-4433-A45F-CCD8814C8631}.Release|Any CPU.ActiveCfg = Release|Any CPU
		{5A1AA268-6017-4433-A45F-CCD8814C8631}.Release|Any CPU.Build.0 = Release|Any CPU
		{5A1AA268-6017-4433-A45F-CCD8814C8631}.Release|x64.ActiveCfg = Release|Any CPU
		{5A1AA268-6017-4433-A45F-CCD8814C8631}.Release|x64.Build.0 = Release|Any CPU
		{5A1AA268-6017-4433-A45F-CCD8814C8631}.Release|x86.ActiveCfg = Release|Any CPU
		{5A1AA268-6017-4433-A45F-CCD8814C8631}.Release|x86.Build.0 = Release|Any CPU
		{7ED00AD5-EE76-4254-9289-8B9D7F5AC343}.Debug|Any CPU.ActiveCfg = Debug|Any CPU
		{7ED00AD5-EE76-4254-9289-8B9D7F5AC343}.Debug|Any CPU.Build.0 = Debug|Any CPU
		{7ED00AD5-EE76-4254-9289-8B9D7F5AC343}.Debug|x64.ActiveCfg = Debug|Any CPU
		{7ED00AD5-EE76-4254-9289-8B9D7F5AC343}.Debug|x64.Build.0 = Debug|Any CPU
		{7ED00AD5-EE76-4254-9289-8B9D7F5AC343}.Debug|x86.ActiveCfg = Debug|Any CPU
		{7ED00AD5-EE76-4254-9289-8B9D7F5AC343}.Debug|x86.Build.0 = Debug|Any CPU
		{7ED00AD5-EE76-4254-9289-8B9D7F5AC343}.Release|Any CPU.ActiveCfg = Release|Any CPU
		{7ED00AD5-EE76-4254-9289-8B9D7F5AC343}.Release|Any CPU.Build.0 = Release|Any CPU
		{7ED00AD5-EE76-4254-9289-8B9D7F5AC343}.Release|x64.ActiveCfg = Release|Any CPU
		{7ED00AD5-EE76-4254-9289-8B9D7F5AC343}.Release|x64.Build.0 = Release|Any CPU
		{7ED00AD5-EE76-4254-9289-8B9D7F5AC343}.Release|x86.ActiveCfg = Release|Any CPU
		{7ED00AD5-EE76-4254-9289-8B9D7F5AC343}.Release|x86.Build.0 = Release|Any CPU
		{FDF33935-6DEF-4F66-9396-329A84FA4F07}.Debug|Any CPU.ActiveCfg = Debug|Any CPU
		{FDF33935-6DEF-4F66-9396-329A84FA4F07}.Debug|Any CPU.Build.0 = Debug|Any CPU
		{FDF33935-6DEF-4F66-9396-329A84FA4F07}.Debug|x64.ActiveCfg = Debug|Any CPU
		{FDF33935-6DEF-4F66-9396-329A84FA4F07}.Debug|x64.Build.0 = Debug|Any CPU
		{FDF33935-6DEF-4F66-9396-329A84FA4F07}.Debug|x86.ActiveCfg = Debug|Any CPU
		{FDF33935-6DEF-4F66-9396-329A84FA4F07}.Debug|x86.Build.0 = Debug|Any CPU
		{FDF33935-6DEF-4F66-9396-329A84FA4F07}.Release|Any CPU.ActiveCfg = Release|Any CPU
		{FDF33935-6DEF-4F66-9396-329A84FA4F07}.Release|Any CPU.Build.0 = Release|Any CPU
		{FDF33935-6DEF-4F66-9396-329A84FA4F07}.Release|x64.ActiveCfg = Release|Any CPU
		{FDF33935-6DEF-4F66-9396-329A84FA4F07}.Release|x64.Build.0 = Release|Any CPU
		{FDF33935-6DEF-4F66-9396-329A84FA4F07}.Release|x86.ActiveCfg = Release|Any CPU
		{FDF33935-6DEF-4F66-9396-329A84FA4F07}.Release|x86.Build.0 = Release|Any CPU
		{380D883C-82D3-45E0-8B4E-B25602F09596}.Debug|Any CPU.ActiveCfg = Debug|Any CPU
		{380D883C-82D3-45E0-8B4E-B25602F09596}.Debug|Any CPU.Build.0 = Debug|Any CPU
		{380D883C-82D3-45E0-8B4E-B25602F09596}.Debug|x64.ActiveCfg = Debug|Any CPU
		{380D883C-82D3-45E0-8B4E-B25602F09596}.Debug|x64.Build.0 = Debug|Any CPU
		{380D883C-82D3-45E0-8B4E-B25602F09596}.Debug|x86.ActiveCfg = Debug|Any CPU
		{380D883C-82D3-45E0-8B4E-B25602F09596}.Debug|x86.Build.0 = Debug|Any CPU
		{380D883C-82D3-45E0-8B4E-B25602F09596}.Release|Any CPU.ActiveCfg = Release|Any CPU
		{380D883C-82D3-45E0-8B4E-B25602F09596}.Release|Any CPU.Build.0 = Release|Any CPU
		{380D883C-82D3-45E0-8B4E-B25602F09596}.Release|x64.ActiveCfg = Release|Any CPU
		{380D883C-82D3-45E0-8B4E-B25602F09596}.Release|x64.Build.0 = Release|Any CPU
		{380D883C-82D3-45E0-8B4E-B25602F09596}.Release|x86.ActiveCfg = Release|Any CPU
		{380D883C-82D3-45E0-8B4E-B25602F09596}.Release|x86.Build.0 = Release|Any CPU
		{09D5E01B-149B-4530-AA7C-53F842B1B744}.Debug|Any CPU.ActiveCfg = Debug|Any CPU
		{09D5E01B-149B-4530-AA7C-53F842B1B744}.Debug|Any CPU.Build.0 = Debug|Any CPU
		{09D5E01B-149B-4530-AA7C-53F842B1B744}.Debug|x64.ActiveCfg = Debug|Any CPU
		{09D5E01B-149B-4530-AA7C-53F842B1B744}.Debug|x64.Build.0 = Debug|Any CPU
		{09D5E01B-149B-4530-AA7C-53F842B1B744}.Debug|x86.ActiveCfg = Debug|Any CPU
		{09D5E01B-149B-4530-AA7C-53F842B1B744}.Debug|x86.Build.0 = Debug|Any CPU
		{09D5E01B-149B-4530-AA7C-53F842B1B744}.Release|Any CPU.ActiveCfg = Release|Any CPU
		{09D5E01B-149B-4530-AA7C-53F842B1B744}.Release|Any CPU.Build.0 = Release|Any CPU
		{09D5E01B-149B-4530-AA7C-53F842B1B744}.Release|x64.ActiveCfg = Release|Any CPU
		{09D5E01B-149B-4530-AA7C-53F842B1B744}.Release|x64.Build.0 = Release|Any CPU
		{09D5E01B-149B-4530-AA7C-53F842B1B744}.Release|x86.ActiveCfg = Release|Any CPU
		{09D5E01B-149B-4530-AA7C-53F842B1B744}.Release|x86.Build.0 = Release|Any CPU
		{8A5F90AC-C0BC-44A3-8EE8-01D70FFF3132}.Debug|Any CPU.ActiveCfg = Debug|Any CPU
		{8A5F90AC-C0BC-44A3-8EE8-01D70FFF3132}.Debug|Any CPU.Build.0 = Debug|Any CPU
		{8A5F90AC-C0BC-44A3-8EE8-01D70FFF3132}.Debug|x64.ActiveCfg = Debug|Any CPU
		{8A5F90AC-C0BC-44A3-8EE8-01D70FFF3132}.Debug|x64.Build.0 = Debug|Any CPU
		{8A5F90AC-C0BC-44A3-8EE8-01D70FFF3132}.Debug|x86.ActiveCfg = Debug|Any CPU
		{8A5F90AC-C0BC-44A3-8EE8-01D70FFF3132}.Debug|x86.Build.0 = Debug|Any CPU
		{8A5F90AC-C0BC-44A3-8EE8-01D70FFF3132}.Release|Any CPU.ActiveCfg = Release|Any CPU
		{8A5F90AC-C0BC-44A3-8EE8-01D70FFF3132}.Release|Any CPU.Build.0 = Release|Any CPU
		{8A5F90AC-C0BC-44A3-8EE8-01D70FFF3132}.Release|x64.ActiveCfg = Release|Any CPU
		{8A5F90AC-C0BC-44A3-8EE8-01D70FFF3132}.Release|x64.Build.0 = Release|Any CPU
		{8A5F90AC-C0BC-44A3-8EE8-01D70FFF3132}.Release|x86.ActiveCfg = Release|Any CPU
		{8A5F90AC-C0BC-44A3-8EE8-01D70FFF3132}.Release|x86.Build.0 = Release|Any CPU
		{5CB7C279-78A8-41EC-B9E9-AFF2E67E8C4F}.Debug|Any CPU.ActiveCfg = Debug|Any CPU
		{5CB7C279-78A8-41EC-B9E9-AFF2E67E8C4F}.Debug|Any CPU.Build.0 = Debug|Any CPU
		{5CB7C279-78A8-41EC-B9E9-AFF2E67E8C4F}.Debug|x64.ActiveCfg = Debug|Any CPU
		{5CB7C279-78A8-41EC-B9E9-AFF2E67E8C4F}.Debug|x64.Build.0 = Debug|Any CPU
		{5CB7C279-78A8-41EC-B9E9-AFF2E67E8C4F}.Debug|x86.ActiveCfg = Debug|Any CPU
		{5CB7C279-78A8-41EC-B9E9-AFF2E67E8C4F}.Debug|x86.Build.0 = Debug|Any CPU
		{5CB7C279-78A8-41EC-B9E9-AFF2E67E8C4F}.Release|Any CPU.ActiveCfg = Release|Any CPU
		{5CB7C279-78A8-41EC-B9E9-AFF2E67E8C4F}.Release|Any CPU.Build.0 = Release|Any CPU
		{5CB7C279-78A8-41EC-B9E9-AFF2E67E8C4F}.Release|x64.ActiveCfg = Release|Any CPU
		{5CB7C279-78A8-41EC-B9E9-AFF2E67E8C4F}.Release|x64.Build.0 = Release|Any CPU
		{5CB7C279-78A8-41EC-B9E9-AFF2E67E8C4F}.Release|x86.ActiveCfg = Release|Any CPU
		{5CB7C279-78A8-41EC-B9E9-AFF2E67E8C4F}.Release|x86.Build.0 = Release|Any CPU
		{3019A0A2-AB2C-4B65-ACE8-4920D8380449}.Debug|Any CPU.ActiveCfg = Debug|Any CPU
		{3019A0A2-AB2C-4B65-ACE8-4920D8380449}.Debug|Any CPU.Build.0 = Debug|Any CPU
		{3019A0A2-AB2C-4B65-ACE8-4920D8380449}.Debug|x64.ActiveCfg = Debug|Any CPU
		{3019A0A2-AB2C-4B65-ACE8-4920D8380449}.Debug|x64.Build.0 = Debug|Any CPU
		{3019A0A2-AB2C-4B65-ACE8-4920D8380449}.Debug|x86.ActiveCfg = Debug|Any CPU
		{3019A0A2-AB2C-4B65-ACE8-4920D8380449}.Debug|x86.Build.0 = Debug|Any CPU
		{3019A0A2-AB2C-4B65-ACE8-4920D8380449}.Release|Any CPU.ActiveCfg = Release|Any CPU
		{3019A0A2-AB2C-4B65-ACE8-4920D8380449}.Release|Any CPU.Build.0 = Release|Any CPU
		{3019A0A2-AB2C-4B65-ACE8-4920D8380449}.Release|x64.ActiveCfg = Release|Any CPU
		{3019A0A2-AB2C-4B65-ACE8-4920D8380449}.Release|x64.Build.0 = Release|Any CPU
		{3019A0A2-AB2C-4B65-ACE8-4920D8380449}.Release|x86.ActiveCfg = Release|Any CPU
		{3019A0A2-AB2C-4B65-ACE8-4920D8380449}.Release|x86.Build.0 = Release|Any CPU
	EndGlobalSection
	GlobalSection(SolutionProperties) = preSolution
		HideSolutionNode = FALSE
	EndGlobalSection
	GlobalSection(NestedProjects) = preSolution
		{9E677C69-127A-450A-B538-1B2D464AD952} = {7968A266-6D31-45EB-9679-AE912F4D7463}
		{EF1C29A2-2D7D-4097-98BB-9A276739541A} = {7968A266-6D31-45EB-9679-AE912F4D7463}
		{A95B1EF8-0694-4F2B-B3E9-96854615D4DD} = {7968A266-6D31-45EB-9679-AE912F4D7463}
		{2CB287F9-723C-487F-B2B8-3AD17A3DFD8A} = {7968A266-6D31-45EB-9679-AE912F4D7463}
		{66DFA421-B383-4278-8367-235E6AC89316} = {7968A266-6D31-45EB-9679-AE912F4D7463}
		{58D31C8E-DDD3-4BED-89B4-8BFE3887466D} = {7968A266-6D31-45EB-9679-AE912F4D7463}
		{7C790E14-654B-455A-A2BB-FA4D4F3F7215} = {7968A266-6D31-45EB-9679-AE912F4D7463}
		{5C31E859-DEA7-4493-836C-B1E2E3C2C5BD} = {7968A266-6D31-45EB-9679-AE912F4D7463}
		{70BF7A2D-0D28-41C4-831B-4ABE3E1F2D11} = {7968A266-6D31-45EB-9679-AE912F4D7463}
		{124BA86B-50B0-4F2B-AEE1-DAFFD6F0C6F9} = {7968A266-6D31-45EB-9679-AE912F4D7463}
		{5A1AA268-6017-4433-A45F-CCD8814C8631} = {7968A266-6D31-45EB-9679-AE912F4D7463}
		{7ED00AD5-EE76-4254-9289-8B9D7F5AC343} = {7968A266-6D31-45EB-9679-AE912F4D7463}
		{FDF33935-6DEF-4F66-9396-329A84FA4F07} = {7968A266-6D31-45EB-9679-AE912F4D7463}
		{380D883C-82D3-45E0-8B4E-B25602F09596} = {7968A266-6D31-45EB-9679-AE912F4D7463}
		{09D5E01B-149B-4530-AA7C-53F842B1B744} = {7968A266-6D31-45EB-9679-AE912F4D7463}
		{8A5F90AC-C0BC-44A3-8EE8-01D70FFF3132} = {7968A266-6D31-45EB-9679-AE912F4D7463}
		{5CB7C279-78A8-41EC-B9E9-AFF2E67E8C4F} = {7968A266-6D31-45EB-9679-AE912F4D7463}
		{3019A0A2-AB2C-4B65-ACE8-4920D8380449} = {7968A266-6D31-45EB-9679-AE912F4D7463}
	EndGlobalSection
	GlobalSection(ExtensibilityGlobals) = postSolution
		SolutionGuid = {30C345B4-BB8D-442B-8B9A-EF1848D12CC6}
	EndGlobalSection
EndGlobal
