
Microsoft Visual Studio Solution File, Format Version 12.00
# Visual Studio Version 17
VisualStudioVersion = 17.2.32630.192
MinimumVisualStudioVersion = 10.0.40219.1
Project("{FAE04EC0-301F-11D3-BF4B-00C04F79EFBC}") = "R5T.D0094.A001", "R5T.D0094.A001\R5T.D0094.A001.csproj", "{A4AD581E-ACD5-48D8-B5DF-2FB9A23CACDD}"
EndProject
Project("{FAE04EC0-301F-11D3-BF4B-00C04F79EFBC}") = "R5T.D0094.I001", "R5T.D0094.I001\R5T.D0094.I001.csproj", "{32107B53-B692-4C1B-8F33-77973130DF5D}"
EndProject
Project("{FAE04EC0-301F-11D3-BF4B-00C04F79EFBC}") = "R5T.D0094.Base", "R5T.D0094.Base\R5T.D0094.Base.csproj", "{5F9BF5B0-DA02-47DE-9D21-F674AED3FE71}"
EndProject
Project("{2150E333-8FDC-42A3-9474-1A3956D46DE8}") = "_Dependencies", "_Dependencies", "{217F6F14-9EFE-4815-B2C5-911A59DEFDD1}"
EndProject
Project("{FAE04EC0-301F-11D3-BF4B-00C04F79EFBC}") = "R5T.Dacia.Extensions", "..\..\R5T.Dacia.Extensions\source\R5T.Dacia.Extensions\R5T.Dacia.Extensions.csproj", "{FEB257DF-0816-4D1D-A71B-16D93462D6A8}"
EndProject
Project("{FAE04EC0-301F-11D3-BF4B-00C04F79EFBC}") = "R5T.Dacia.T002", "..\..\R5T.Dacia\source\R5T.Dacia.T002\R5T.Dacia.T002.csproj", "{9568E3AE-F9C5-45B1-9790-26093C24A1C9}"
EndProject
Project("{9A19103F-16F7-4668-BE54-9A1E7A4F7556}") = "R5T.D0093.Base", "..\..\R5T.D0093\source\R5T.D0093.Base\R5T.D0093.Base.csproj", "{208F6EA5-074A-42C7-80C2-FD1A82D3D1AB}"
EndProject
Project("{9A19103F-16F7-4668-BE54-9A1E7A4F7556}") = "R5T.Dacia", "..\..\R5T.Dacia\source\R5T.Dacia\R5T.Dacia.csproj", "{CEBEEDC4-1669-4A8C-8CDC-FCD92E023F2D}"
EndProject
Project("{9A19103F-16F7-4668-BE54-9A1E7A4F7556}") = "R5T.L0013", "..\..\R5T.L0013\source\R5T.L0013\R5T.L0013.csproj", "{9CD97AE8-127A-49B3-B9C0-F52DA9266AEE}"
EndProject
Project("{9A19103F-16F7-4668-BE54-9A1E7A4F7556}") = "R5T.L0017.T002", "..\..\R5T.L0017\source\R5T.L0017.T002\R5T.L0017.T002.csproj", "{6FAD8BC9-2BAE-47FF-A3E5-9A904183EAB8}"
EndProject
Project("{9A19103F-16F7-4668-BE54-9A1E7A4F7556}") = "R5T.L0017.X002", "..\..\R5T.L0017\source\R5T.L0017.X002\R5T.L0017.X002.csproj", "{3DA10AAB-D3FF-45AB-A895-BB137E8849F3}"
EndProject
Project("{9A19103F-16F7-4668-BE54-9A1E7A4F7556}") = "R5T.L0017", "..\..\R5T.L0017\source\R5T.L0017\R5T.L0017.csproj", "{9C0E3D9B-0F7C-43E7-9117-54704718C35D}"
EndProject
Project("{9A19103F-16F7-4668-BE54-9A1E7A4F7556}") = "R5T.Magyar", "..\..\R5T.Magyar\source\R5T.Magyar\R5T.Magyar.csproj", "{EF8BE8C1-280F-4960-A3F5-D7868B8C8D86}"
EndProject
Project("{9A19103F-16F7-4668-BE54-9A1E7A4F7556}") = "R5T.T0039.T002", "..\..\R5T.T0039\source\R5T.T0039.T002\R5T.T0039.T002.csproj", "{F6593294-D046-479E-B72B-3481DA78AACE}"
EndProject
Project("{9A19103F-16F7-4668-BE54-9A1E7A4F7556}") = "R5T.T0063", "..\..\R5T.T0063\source\R5T.T0063\R5T.T0063.csproj", "{24A5CA65-9469-4A89-BE0B-FC894A2B57E2}"
EndProject
Project("{9A19103F-16F7-4668-BE54-9A1E7A4F7556}") = "R5T.T0064", "..\..\R5T.T0064\source\R5T.T0064\R5T.T0064.csproj", "{DC060091-C06C-47B5-8857-8DF5D9BB1AD3}"
EndProject
Project("{9A19103F-16F7-4668-BE54-9A1E7A4F7556}") = "R5T.T0086.X001", "..\..\R5T.T0086\source\R5T.T0086.X001\R5T.T0086.X001.csproj", "{F16790D0-660F-4579-81CE-DE9944374F83}"
EndProject
Project("{9A19103F-16F7-4668-BE54-9A1E7A4F7556}") = "R5T.T0086", "..\..\R5T.T0086\source\R5T.T0086\R5T.T0086.csproj", "{631F74F9-1D20-47CF-B026-693BB752E2F3}"
EndProject
Project("{9A19103F-16F7-4668-BE54-9A1E7A4F7556}") = "R5T.T0087", "..\..\R5T.T0087\source\R5T.T0087\R5T.T0087.csproj", "{903C68B6-23A2-48B5-B73C-2930D96B68E7}"
EndProject
Project("{9A19103F-16F7-4668-BE54-9A1E7A4F7556}") = "R5T.T0088.X000", "..\..\R5T.T0088\source\R5T.T0088.X000\R5T.T0088.X000.csproj", "{74932EC3-5C8C-4AE8-A2F9-1720DCABEB2D}"
EndProject
Project("{9A19103F-16F7-4668-BE54-9A1E7A4F7556}") = "R5T.T0088.X001", "..\..\R5T.T0088\source\R5T.T0088.X001\R5T.T0088.X001.csproj", "{E8C6E8B6-6362-4A0F-9A85-ED1CE5ADFB96}"
EndProject
Project("{9A19103F-16F7-4668-BE54-9A1E7A4F7556}") = "R5T.T0088.X002", "..\..\R5T.T0088\source\R5T.T0088.X002\R5T.T0088.X002.csproj", "{D7D54CD9-6BD6-4F51-91CD-C978B72E620F}"
EndProject
Project("{9A19103F-16F7-4668-BE54-9A1E7A4F7556}") = "R5T.T0088.X003", "..\..\R5T.T0088\source\R5T.T0088.X003\R5T.T0088.X003.csproj", "{D58A290A-469A-46BD-B2BE-6C45CF07F611}"
EndProject
Project("{9A19103F-16F7-4668-BE54-9A1E7A4F7556}") = "R5T.T0088", "..\..\R5T.T0088\source\R5T.T0088\R5T.T0088.csproj", "{24B3554D-E238-429D-A693-8A9E72860AD6}"
EndProject
Project("{9A19103F-16F7-4668-BE54-9A1E7A4F7556}") = "R5T.T0089.X001", "..\..\R5T.T0089\source\R5T.T0089.X001\R5T.T0089.X001.csproj", "{1D56AE01-1754-456E-ABD6-09995EA1ED48}"
EndProject
Project("{9A19103F-16F7-4668-BE54-9A1E7A4F7556}") = "R5T.T0089", "..\..\R5T.T0089\source\R5T.T0089\R5T.T0089.csproj", "{052A9E3E-D337-435A-8F1B-4FF8A7A14830}"
EndProject
Project("{9A19103F-16F7-4668-BE54-9A1E7A4F7556}") = "R5T.T0143", "..\..\R5T.T0143\source\R5T.T0143\R5T.T0143.csproj", "{97EE6809-A449-4515-98CF-35AB2474CD99}"
EndProject
Global
	GlobalSection(NestedProjects) = preSolution
		{FEB257DF-0816-4D1D-A71B-16D93462D6A8} = {217F6F14-9EFE-4815-B2C5-911A59DEFDD1}
		{9568E3AE-F9C5-45B1-9790-26093C24A1C9} = {217F6F14-9EFE-4815-B2C5-911A59DEFDD1}
		{208F6EA5-074A-42C7-80C2-FD1A82D3D1AB} = {217F6F14-9EFE-4815-B2C5-911A59DEFDD1}
		{CEBEEDC4-1669-4A8C-8CDC-FCD92E023F2D} = {217F6F14-9EFE-4815-B2C5-911A59DEFDD1}
		{9CD97AE8-127A-49B3-B9C0-F52DA9266AEE} = {217F6F14-9EFE-4815-B2C5-911A59DEFDD1}
		{6FAD8BC9-2BAE-47FF-A3E5-9A904183EAB8} = {217F6F14-9EFE-4815-B2C5-911A59DEFDD1}
		{3DA10AAB-D3FF-45AB-A895-BB137E8849F3} = {217F6F14-9EFE-4815-B2C5-911A59DEFDD1}
		{9C0E3D9B-0F7C-43E7-9117-54704718C35D} = {217F6F14-9EFE-4815-B2C5-911A59DEFDD1}
		{EF8BE8C1-280F-4960-A3F5-D7868B8C8D86} = {217F6F14-9EFE-4815-B2C5-911A59DEFDD1}
		{F6593294-D046-479E-B72B-3481DA78AACE} = {217F6F14-9EFE-4815-B2C5-911A59DEFDD1}
		{24A5CA65-9469-4A89-BE0B-FC894A2B57E2} = {217F6F14-9EFE-4815-B2C5-911A59DEFDD1}
		{DC060091-C06C-47B5-8857-8DF5D9BB1AD3} = {217F6F14-9EFE-4815-B2C5-911A59DEFDD1}
		{F16790D0-660F-4579-81CE-DE9944374F83} = {217F6F14-9EFE-4815-B2C5-911A59DEFDD1}
		{631F74F9-1D20-47CF-B026-693BB752E2F3} = {217F6F14-9EFE-4815-B2C5-911A59DEFDD1}
		{903C68B6-23A2-48B5-B73C-2930D96B68E7} = {217F6F14-9EFE-4815-B2C5-911A59DEFDD1}
		{74932EC3-5C8C-4AE8-A2F9-1720DCABEB2D} = {217F6F14-9EFE-4815-B2C5-911A59DEFDD1}
		{E8C6E8B6-6362-4A0F-9A85-ED1CE5ADFB96} = {217F6F14-9EFE-4815-B2C5-911A59DEFDD1}
		{D7D54CD9-6BD6-4F51-91CD-C978B72E620F} = {217F6F14-9EFE-4815-B2C5-911A59DEFDD1}
		{D58A290A-469A-46BD-B2BE-6C45CF07F611} = {217F6F14-9EFE-4815-B2C5-911A59DEFDD1}
		{24B3554D-E238-429D-A693-8A9E72860AD6} = {217F6F14-9EFE-4815-B2C5-911A59DEFDD1}
		{1D56AE01-1754-456E-ABD6-09995EA1ED48} = {217F6F14-9EFE-4815-B2C5-911A59DEFDD1}
		{052A9E3E-D337-435A-8F1B-4FF8A7A14830} = {217F6F14-9EFE-4815-B2C5-911A59DEFDD1}
		{97EE6809-A449-4515-98CF-35AB2474CD99} = {217F6F14-9EFE-4815-B2C5-911A59DEFDD1}
	EndGlobalSection
	GlobalSection(SolutionConfigurationPlatforms) = preSolution
		Debug|Any CPU = Debug|Any CPU
		Debug|x64 = Debug|x64
		Debug|x86 = Debug|x86
		Release|Any CPU = Release|Any CPU
		Release|x64 = Release|x64
		Release|x86 = Release|x86
	EndGlobalSection
	GlobalSection(ProjectConfigurationPlatforms) = postSolution
		{A4AD581E-ACD5-48D8-B5DF-2FB9A23CACDD}.Debug|Any CPU.ActiveCfg = Debug|Any CPU
		{A4AD581E-ACD5-48D8-B5DF-2FB9A23CACDD}.Debug|Any CPU.Build.0 = Debug|Any CPU
		{A4AD581E-ACD5-48D8-B5DF-2FB9A23CACDD}.Debug|x64.ActiveCfg = Debug|Any CPU
		{A4AD581E-ACD5-48D8-B5DF-2FB9A23CACDD}.Debug|x64.Build.0 = Debug|Any CPU
		{A4AD581E-ACD5-48D8-B5DF-2FB9A23CACDD}.Debug|x86.ActiveCfg = Debug|Any CPU
		{A4AD581E-ACD5-48D8-B5DF-2FB9A23CACDD}.Debug|x86.Build.0 = Debug|Any CPU
		{A4AD581E-ACD5-48D8-B5DF-2FB9A23CACDD}.Release|Any CPU.ActiveCfg = Release|Any CPU
		{A4AD581E-ACD5-48D8-B5DF-2FB9A23CACDD}.Release|Any CPU.Build.0 = Release|Any CPU
		{A4AD581E-ACD5-48D8-B5DF-2FB9A23CACDD}.Release|x64.ActiveCfg = Release|Any CPU
		{A4AD581E-ACD5-48D8-B5DF-2FB9A23CACDD}.Release|x64.Build.0 = Release|Any CPU
		{A4AD581E-ACD5-48D8-B5DF-2FB9A23CACDD}.Release|x86.ActiveCfg = Release|Any CPU
		{A4AD581E-ACD5-48D8-B5DF-2FB9A23CACDD}.Release|x86.Build.0 = Release|Any CPU
		{32107B53-B692-4C1B-8F33-77973130DF5D}.Debug|Any CPU.ActiveCfg = Debug|Any CPU
		{32107B53-B692-4C1B-8F33-77973130DF5D}.Debug|Any CPU.Build.0 = Debug|Any CPU
		{32107B53-B692-4C1B-8F33-77973130DF5D}.Debug|x64.ActiveCfg = Debug|Any CPU
		{32107B53-B692-4C1B-8F33-77973130DF5D}.Debug|x64.Build.0 = Debug|Any CPU
		{32107B53-B692-4C1B-8F33-77973130DF5D}.Debug|x86.ActiveCfg = Debug|Any CPU
		{32107B53-B692-4C1B-8F33-77973130DF5D}.Debug|x86.Build.0 = Debug|Any CPU
		{32107B53-B692-4C1B-8F33-77973130DF5D}.Release|Any CPU.ActiveCfg = Release|Any CPU
		{32107B53-B692-4C1B-8F33-77973130DF5D}.Release|Any CPU.Build.0 = Release|Any CPU
		{32107B53-B692-4C1B-8F33-77973130DF5D}.Release|x64.ActiveCfg = Release|Any CPU
		{32107B53-B692-4C1B-8F33-77973130DF5D}.Release|x64.Build.0 = Release|Any CPU
		{32107B53-B692-4C1B-8F33-77973130DF5D}.Release|x86.ActiveCfg = Release|Any CPU
		{32107B53-B692-4C1B-8F33-77973130DF5D}.Release|x86.Build.0 = Release|Any CPU
		{5F9BF5B0-DA02-47DE-9D21-F674AED3FE71}.Debug|Any CPU.ActiveCfg = Debug|Any CPU
		{5F9BF5B0-DA02-47DE-9D21-F674AED3FE71}.Debug|Any CPU.Build.0 = Debug|Any CPU
		{5F9BF5B0-DA02-47DE-9D21-F674AED3FE71}.Debug|x64.ActiveCfg = Debug|Any CPU
		{5F9BF5B0-DA02-47DE-9D21-F674AED3FE71}.Debug|x64.Build.0 = Debug|Any CPU
		{5F9BF5B0-DA02-47DE-9D21-F674AED3FE71}.Debug|x86.ActiveCfg = Debug|Any CPU
		{5F9BF5B0-DA02-47DE-9D21-F674AED3FE71}.Debug|x86.Build.0 = Debug|Any CPU
		{5F9BF5B0-DA02-47DE-9D21-F674AED3FE71}.Release|Any CPU.ActiveCfg = Release|Any CPU
		{5F9BF5B0-DA02-47DE-9D21-F674AED3FE71}.Release|Any CPU.Build.0 = Release|Any CPU
		{5F9BF5B0-DA02-47DE-9D21-F674AED3FE71}.Release|x64.ActiveCfg = Release|Any CPU
		{5F9BF5B0-DA02-47DE-9D21-F674AED3FE71}.Release|x64.Build.0 = Release|Any CPU
		{5F9BF5B0-DA02-47DE-9D21-F674AED3FE71}.Release|x86.ActiveCfg = Release|Any CPU
		{5F9BF5B0-DA02-47DE-9D21-F674AED3FE71}.Release|x86.Build.0 = Release|Any CPU
		{FEB257DF-0816-4D1D-A71B-16D93462D6A8}.Debug|Any CPU.ActiveCfg = Debug|Any CPU
		{FEB257DF-0816-4D1D-A71B-16D93462D6A8}.Debug|Any CPU.Build.0 = Debug|Any CPU
		{FEB257DF-0816-4D1D-A71B-16D93462D6A8}.Debug|x64.ActiveCfg = Debug|Any CPU
		{FEB257DF-0816-4D1D-A71B-16D93462D6A8}.Debug|x64.Build.0 = Debug|Any CPU
		{FEB257DF-0816-4D1D-A71B-16D93462D6A8}.Debug|x86.ActiveCfg = Debug|Any CPU
		{FEB257DF-0816-4D1D-A71B-16D93462D6A8}.Debug|x86.Build.0 = Debug|Any CPU
		{FEB257DF-0816-4D1D-A71B-16D93462D6A8}.Release|Any CPU.ActiveCfg = Release|Any CPU
		{FEB257DF-0816-4D1D-A71B-16D93462D6A8}.Release|Any CPU.Build.0 = Release|Any CPU
		{FEB257DF-0816-4D1D-A71B-16D93462D6A8}.Release|x64.ActiveCfg = Release|Any CPU
		{FEB257DF-0816-4D1D-A71B-16D93462D6A8}.Release|x64.Build.0 = Release|Any CPU
		{FEB257DF-0816-4D1D-A71B-16D93462D6A8}.Release|x86.ActiveCfg = Release|Any CPU
		{FEB257DF-0816-4D1D-A71B-16D93462D6A8}.Release|x86.Build.0 = Release|Any CPU
		{9568E3AE-F9C5-45B1-9790-26093C24A1C9}.Debug|Any CPU.ActiveCfg = Debug|Any CPU
		{9568E3AE-F9C5-45B1-9790-26093C24A1C9}.Debug|Any CPU.Build.0 = Debug|Any CPU
		{9568E3AE-F9C5-45B1-9790-26093C24A1C9}.Debug|x64.ActiveCfg = Debug|Any CPU
		{9568E3AE-F9C5-45B1-9790-26093C24A1C9}.Debug|x64.Build.0 = Debug|Any CPU
		{9568E3AE-F9C5-45B1-9790-26093C24A1C9}.Debug|x86.ActiveCfg = Debug|Any CPU
		{9568E3AE-F9C5-45B1-9790-26093C24A1C9}.Debug|x86.Build.0 = Debug|Any CPU
		{9568E3AE-F9C5-45B1-9790-26093C24A1C9}.Release|Any CPU.ActiveCfg = Release|Any CPU
		{9568E3AE-F9C5-45B1-9790-26093C24A1C9}.Release|Any CPU.Build.0 = Release|Any CPU
		{9568E3AE-F9C5-45B1-9790-26093C24A1C9}.Release|x64.ActiveCfg = Release|Any CPU
		{9568E3AE-F9C5-45B1-9790-26093C24A1C9}.Release|x64.Build.0 = Release|Any CPU
		{9568E3AE-F9C5-45B1-9790-26093C24A1C9}.Release|x86.ActiveCfg = Release|Any CPU
		{9568E3AE-F9C5-45B1-9790-26093C24A1C9}.Release|x86.Build.0 = Release|Any CPU
		{208F6EA5-074A-42C7-80C2-FD1A82D3D1AB}.Debug|Any CPU.ActiveCfg = Debug|Any CPU
		{208F6EA5-074A-42C7-80C2-FD1A82D3D1AB}.Debug|Any CPU.Build.0 = Debug|Any CPU
		{208F6EA5-074A-42C7-80C2-FD1A82D3D1AB}.Debug|x64.ActiveCfg = Debug|Any CPU
		{208F6EA5-074A-42C7-80C2-FD1A82D3D1AB}.Debug|x64.Build.0 = Debug|Any CPU
		{208F6EA5-074A-42C7-80C2-FD1A82D3D1AB}.Debug|x86.ActiveCfg = Debug|Any CPU
		{208F6EA5-074A-42C7-80C2-FD1A82D3D1AB}.Debug|x86.Build.0 = Debug|Any CPU
		{208F6EA5-074A-42C7-80C2-FD1A82D3D1AB}.Release|Any CPU.ActiveCfg = Release|Any CPU
		{208F6EA5-074A-42C7-80C2-FD1A82D3D1AB}.Release|Any CPU.Build.0 = Release|Any CPU
		{208F6EA5-074A-42C7-80C2-FD1A82D3D1AB}.Release|x64.ActiveCfg = Release|Any CPU
		{208F6EA5-074A-42C7-80C2-FD1A82D3D1AB}.Release|x64.Build.0 = Release|Any CPU
		{208F6EA5-074A-42C7-80C2-FD1A82D3D1AB}.Release|x86.ActiveCfg = Release|Any CPU
		{208F6EA5-074A-42C7-80C2-FD1A82D3D1AB}.Release|x86.Build.0 = Release|Any CPU
		{CEBEEDC4-1669-4A8C-8CDC-FCD92E023F2D}.Debug|Any CPU.ActiveCfg = Debug|Any CPU
		{CEBEEDC4-1669-4A8C-8CDC-FCD92E023F2D}.Debug|Any CPU.Build.0 = Debug|Any CPU
		{CEBEEDC4-1669-4A8C-8CDC-FCD92E023F2D}.Debug|x64.ActiveCfg = Debug|Any CPU
		{CEBEEDC4-1669-4A8C-8CDC-FCD92E023F2D}.Debug|x64.Build.0 = Debug|Any CPU
		{CEBEEDC4-1669-4A8C-8CDC-FCD92E023F2D}.Debug|x86.ActiveCfg = Debug|Any CPU
		{CEBEEDC4-1669-4A8C-8CDC-FCD92E023F2D}.Debug|x86.Build.0 = Debug|Any CPU
		{CEBEEDC4-1669-4A8C-8CDC-FCD92E023F2D}.Release|Any CPU.ActiveCfg = Release|Any CPU
		{CEBEEDC4-1669-4A8C-8CDC-FCD92E023F2D}.Release|Any CPU.Build.0 = Release|Any CPU
		{CEBEEDC4-1669-4A8C-8CDC-FCD92E023F2D}.Release|x64.ActiveCfg = Release|Any CPU
		{CEBEEDC4-1669-4A8C-8CDC-FCD92E023F2D}.Release|x64.Build.0 = Release|Any CPU
		{CEBEEDC4-1669-4A8C-8CDC-FCD92E023F2D}.Release|x86.ActiveCfg = Release|Any CPU
		{CEBEEDC4-1669-4A8C-8CDC-FCD92E023F2D}.Release|x86.Build.0 = Release|Any CPU
		{9CD97AE8-127A-49B3-B9C0-F52DA9266AEE}.Debug|Any CPU.ActiveCfg = Debug|Any CPU
		{9CD97AE8-127A-49B3-B9C0-F52DA9266AEE}.Debug|Any CPU.Build.0 = Debug|Any CPU
		{9CD97AE8-127A-49B3-B9C0-F52DA9266AEE}.Debug|x64.ActiveCfg = Debug|Any CPU
		{9CD97AE8-127A-49B3-B9C0-F52DA9266AEE}.Debug|x64.Build.0 = Debug|Any CPU
		{9CD97AE8-127A-49B3-B9C0-F52DA9266AEE}.Debug|x86.ActiveCfg = Debug|Any CPU
		{9CD97AE8-127A-49B3-B9C0-F52DA9266AEE}.Debug|x86.Build.0 = Debug|Any CPU
		{9CD97AE8-127A-49B3-B9C0-F52DA9266AEE}.Release|Any CPU.ActiveCfg = Release|Any CPU
		{9CD97AE8-127A-49B3-B9C0-F52DA9266AEE}.Release|Any CPU.Build.0 = Release|Any CPU
		{9CD97AE8-127A-49B3-B9C0-F52DA9266AEE}.Release|x64.ActiveCfg = Release|Any CPU
		{9CD97AE8-127A-49B3-B9C0-F52DA9266AEE}.Release|x64.Build.0 = Release|Any CPU
		{9CD97AE8-127A-49B3-B9C0-F52DA9266AEE}.Release|x86.ActiveCfg = Release|Any CPU
		{9CD97AE8-127A-49B3-B9C0-F52DA9266AEE}.Release|x86.Build.0 = Release|Any CPU
		{6FAD8BC9-2BAE-47FF-A3E5-9A904183EAB8}.Debug|Any CPU.ActiveCfg = Debug|Any CPU
		{6FAD8BC9-2BAE-47FF-A3E5-9A904183EAB8}.Debug|Any CPU.Build.0 = Debug|Any CPU
		{6FAD8BC9-2BAE-47FF-A3E5-9A904183EAB8}.Debug|x64.ActiveCfg = Debug|Any CPU
		{6FAD8BC9-2BAE-47FF-A3E5-9A904183EAB8}.Debug|x64.Build.0 = Debug|Any CPU
		{6FAD8BC9-2BAE-47FF-A3E5-9A904183EAB8}.Debug|x86.ActiveCfg = Debug|Any CPU
		{6FAD8BC9-2BAE-47FF-A3E5-9A904183EAB8}.Debug|x86.Build.0 = Debug|Any CPU
		{6FAD8BC9-2BAE-47FF-A3E5-9A904183EAB8}.Release|Any CPU.ActiveCfg = Release|Any CPU
		{6FAD8BC9-2BAE-47FF-A3E5-9A904183EAB8}.Release|Any CPU.Build.0 = Release|Any CPU
		{6FAD8BC9-2BAE-47FF-A3E5-9A904183EAB8}.Release|x64.ActiveCfg = Release|Any CPU
		{6FAD8BC9-2BAE-47FF-A3E5-9A904183EAB8}.Release|x64.Build.0 = Release|Any CPU
		{6FAD8BC9-2BAE-47FF-A3E5-9A904183EAB8}.Release|x86.ActiveCfg = Release|Any CPU
		{6FAD8BC9-2BAE-47FF-A3E5-9A904183EAB8}.Release|x86.Build.0 = Release|Any CPU
		{3DA10AAB-D3FF-45AB-A895-BB137E8849F3}.Debug|Any CPU.ActiveCfg = Debug|Any CPU
		{3DA10AAB-D3FF-45AB-A895-BB137E8849F3}.Debug|Any CPU.Build.0 = Debug|Any CPU
		{3DA10AAB-D3FF-45AB-A895-BB137E8849F3}.Debug|x64.ActiveCfg = Debug|Any CPU
		{3DA10AAB-D3FF-45AB-A895-BB137E8849F3}.Debug|x64.Build.0 = Debug|Any CPU
		{3DA10AAB-D3FF-45AB-A895-BB137E8849F3}.Debug|x86.ActiveCfg = Debug|Any CPU
		{3DA10AAB-D3FF-45AB-A895-BB137E8849F3}.Debug|x86.Build.0 = Debug|Any CPU
		{3DA10AAB-D3FF-45AB-A895-BB137E8849F3}.Release|Any CPU.ActiveCfg = Release|Any CPU
		{3DA10AAB-D3FF-45AB-A895-BB137E8849F3}.Release|Any CPU.Build.0 = Release|Any CPU
		{3DA10AAB-D3FF-45AB-A895-BB137E8849F3}.Release|x64.ActiveCfg = Release|Any CPU
		{3DA10AAB-D3FF-45AB-A895-BB137E8849F3}.Release|x64.Build.0 = Release|Any CPU
		{3DA10AAB-D3FF-45AB-A895-BB137E8849F3}.Release|x86.ActiveCfg = Release|Any CPU
		{3DA10AAB-D3FF-45AB-A895-BB137E8849F3}.Release|x86.Build.0 = Release|Any CPU
		{9C0E3D9B-0F7C-43E7-9117-54704718C35D}.Debug|Any CPU.ActiveCfg = Debug|Any CPU
		{9C0E3D9B-0F7C-43E7-9117-54704718C35D}.Debug|Any CPU.Build.0 = Debug|Any CPU
		{9C0E3D9B-0F7C-43E7-9117-54704718C35D}.Debug|x64.ActiveCfg = Debug|Any CPU
		{9C0E3D9B-0F7C-43E7-9117-54704718C35D}.Debug|x64.Build.0 = Debug|Any CPU
		{9C0E3D9B-0F7C-43E7-9117-54704718C35D}.Debug|x86.ActiveCfg = Debug|Any CPU
		{9C0E3D9B-0F7C-43E7-9117-54704718C35D}.Debug|x86.Build.0 = Debug|Any CPU
		{9C0E3D9B-0F7C-43E7-9117-54704718C35D}.Release|Any CPU.ActiveCfg = Release|Any CPU
		{9C0E3D9B-0F7C-43E7-9117-54704718C35D}.Release|Any CPU.Build.0 = Release|Any CPU
		{9C0E3D9B-0F7C-43E7-9117-54704718C35D}.Release|x64.ActiveCfg = Release|Any CPU
		{9C0E3D9B-0F7C-43E7-9117-54704718C35D}.Release|x64.Build.0 = Release|Any CPU
		{9C0E3D9B-0F7C-43E7-9117-54704718C35D}.Release|x86.ActiveCfg = Release|Any CPU
		{9C0E3D9B-0F7C-43E7-9117-54704718C35D}.Release|x86.Build.0 = Release|Any CPU
		{EF8BE8C1-280F-4960-A3F5-D7868B8C8D86}.Debug|Any CPU.ActiveCfg = Debug|Any CPU
		{EF8BE8C1-280F-4960-A3F5-D7868B8C8D86}.Debug|Any CPU.Build.0 = Debug|Any CPU
		{EF8BE8C1-280F-4960-A3F5-D7868B8C8D86}.Debug|x64.ActiveCfg = Debug|Any CPU
		{EF8BE8C1-280F-4960-A3F5-D7868B8C8D86}.Debug|x64.Build.0 = Debug|Any CPU
		{EF8BE8C1-280F-4960-A3F5-D7868B8C8D86}.Debug|x86.ActiveCfg = Debug|Any CPU
		{EF8BE8C1-280F-4960-A3F5-D7868B8C8D86}.Debug|x86.Build.0 = Debug|Any CPU
		{EF8BE8C1-280F-4960-A3F5-D7868B8C8D86}.Release|Any CPU.ActiveCfg = Release|Any CPU
		{EF8BE8C1-280F-4960-A3F5-D7868B8C8D86}.Release|Any CPU.Build.0 = Release|Any CPU
		{EF8BE8C1-280F-4960-A3F5-D7868B8C8D86}.Release|x64.ActiveCfg = Release|Any CPU
		{EF8BE8C1-280F-4960-A3F5-D7868B8C8D86}.Release|x64.Build.0 = Release|Any CPU
		{EF8BE8C1-280F-4960-A3F5-D7868B8C8D86}.Release|x86.ActiveCfg = Release|Any CPU
		{EF8BE8C1-280F-4960-A3F5-D7868B8C8D86}.Release|x86.Build.0 = Release|Any CPU
		{F6593294-D046-479E-B72B-3481DA78AACE}.Debug|Any CPU.ActiveCfg = Debug|Any CPU
		{F6593294-D046-479E-B72B-3481DA78AACE}.Debug|Any CPU.Build.0 = Debug|Any CPU
		{F6593294-D046-479E-B72B-3481DA78AACE}.Debug|x64.ActiveCfg = Debug|Any CPU
		{F6593294-D046-479E-B72B-3481DA78AACE}.Debug|x64.Build.0 = Debug|Any CPU
		{F6593294-D046-479E-B72B-3481DA78AACE}.Debug|x86.ActiveCfg = Debug|Any CPU
		{F6593294-D046-479E-B72B-3481DA78AACE}.Debug|x86.Build.0 = Debug|Any CPU
		{F6593294-D046-479E-B72B-3481DA78AACE}.Release|Any CPU.ActiveCfg = Release|Any CPU
		{F6593294-D046-479E-B72B-3481DA78AACE}.Release|Any CPU.Build.0 = Release|Any CPU
		{F6593294-D046-479E-B72B-3481DA78AACE}.Release|x64.ActiveCfg = Release|Any CPU
		{F6593294-D046-479E-B72B-3481DA78AACE}.Release|x64.Build.0 = Release|Any CPU
		{F6593294-D046-479E-B72B-3481DA78AACE}.Release|x86.ActiveCfg = Release|Any CPU
		{F6593294-D046-479E-B72B-3481DA78AACE}.Release|x86.Build.0 = Release|Any CPU
		{24A5CA65-9469-4A89-BE0B-FC894A2B57E2}.Debug|Any CPU.ActiveCfg = Debug|Any CPU
		{24A5CA65-9469-4A89-BE0B-FC894A2B57E2}.Debug|Any CPU.Build.0 = Debug|Any CPU
		{24A5CA65-9469-4A89-BE0B-FC894A2B57E2}.Debug|x64.ActiveCfg = Debug|Any CPU
		{24A5CA65-9469-4A89-BE0B-FC894A2B57E2}.Debug|x64.Build.0 = Debug|Any CPU
		{24A5CA65-9469-4A89-BE0B-FC894A2B57E2}.Debug|x86.ActiveCfg = Debug|Any CPU
		{24A5CA65-9469-4A89-BE0B-FC894A2B57E2}.Debug|x86.Build.0 = Debug|Any CPU
		{24A5CA65-9469-4A89-BE0B-FC894A2B57E2}.Release|Any CPU.ActiveCfg = Release|Any CPU
		{24A5CA65-9469-4A89-BE0B-FC894A2B57E2}.Release|Any CPU.Build.0 = Release|Any CPU
		{24A5CA65-9469-4A89-BE0B-FC894A2B57E2}.Release|x64.ActiveCfg = Release|Any CPU
		{24A5CA65-9469-4A89-BE0B-FC894A2B57E2}.Release|x64.Build.0 = Release|Any CPU
		{24A5CA65-9469-4A89-BE0B-FC894A2B57E2}.Release|x86.ActiveCfg = Release|Any CPU
		{24A5CA65-9469-4A89-BE0B-FC894A2B57E2}.Release|x86.Build.0 = Release|Any CPU
		{DC060091-C06C-47B5-8857-8DF5D9BB1AD3}.Debug|Any CPU.ActiveCfg = Debug|Any CPU
		{DC060091-C06C-47B5-8857-8DF5D9BB1AD3}.Debug|Any CPU.Build.0 = Debug|Any CPU
		{DC060091-C06C-47B5-8857-8DF5D9BB1AD3}.Debug|x64.ActiveCfg = Debug|Any CPU
		{DC060091-C06C-47B5-8857-8DF5D9BB1AD3}.Debug|x64.Build.0 = Debug|Any CPU
		{DC060091-C06C-47B5-8857-8DF5D9BB1AD3}.Debug|x86.ActiveCfg = Debug|Any CPU
		{DC060091-C06C-47B5-8857-8DF5D9BB1AD3}.Debug|x86.Build.0 = Debug|Any CPU
		{DC060091-C06C-47B5-8857-8DF5D9BB1AD3}.Release|Any CPU.ActiveCfg = Release|Any CPU
		{DC060091-C06C-47B5-8857-8DF5D9BB1AD3}.Release|Any CPU.Build.0 = Release|Any CPU
		{DC060091-C06C-47B5-8857-8DF5D9BB1AD3}.Release|x64.ActiveCfg = Release|Any CPU
		{DC060091-C06C-47B5-8857-8DF5D9BB1AD3}.Release|x64.Build.0 = Release|Any CPU
		{DC060091-C06C-47B5-8857-8DF5D9BB1AD3}.Release|x86.ActiveCfg = Release|Any CPU
		{DC060091-C06C-47B5-8857-8DF5D9BB1AD3}.Release|x86.Build.0 = Release|Any CPU
		{F16790D0-660F-4579-81CE-DE9944374F83}.Debug|Any CPU.ActiveCfg = Debug|Any CPU
		{F16790D0-660F-4579-81CE-DE9944374F83}.Debug|Any CPU.Build.0 = Debug|Any CPU
		{F16790D0-660F-4579-81CE-DE9944374F83}.Debug|x64.ActiveCfg = Debug|Any CPU
		{F16790D0-660F-4579-81CE-DE9944374F83}.Debug|x64.Build.0 = Debug|Any CPU
		{F16790D0-660F-4579-81CE-DE9944374F83}.Debug|x86.ActiveCfg = Debug|Any CPU
		{F16790D0-660F-4579-81CE-DE9944374F83}.Debug|x86.Build.0 = Debug|Any CPU
		{F16790D0-660F-4579-81CE-DE9944374F83}.Release|Any CPU.ActiveCfg = Release|Any CPU
		{F16790D0-660F-4579-81CE-DE9944374F83}.Release|Any CPU.Build.0 = Release|Any CPU
		{F16790D0-660F-4579-81CE-DE9944374F83}.Release|x64.ActiveCfg = Release|Any CPU
		{F16790D0-660F-4579-81CE-DE9944374F83}.Release|x64.Build.0 = Release|Any CPU
		{F16790D0-660F-4579-81CE-DE9944374F83}.Release|x86.ActiveCfg = Release|Any CPU
		{F16790D0-660F-4579-81CE-DE9944374F83}.Release|x86.Build.0 = Release|Any CPU
		{631F74F9-1D20-47CF-B026-693BB752E2F3}.Debug|Any CPU.ActiveCfg = Debug|Any CPU
		{631F74F9-1D20-47CF-B026-693BB752E2F3}.Debug|Any CPU.Build.0 = Debug|Any CPU
		{631F74F9-1D20-47CF-B026-693BB752E2F3}.Debug|x64.ActiveCfg = Debug|Any CPU
		{631F74F9-1D20-47CF-B026-693BB752E2F3}.Debug|x64.Build.0 = Debug|Any CPU
		{631F74F9-1D20-47CF-B026-693BB752E2F3}.Debug|x86.ActiveCfg = Debug|Any CPU
		{631F74F9-1D20-47CF-B026-693BB752E2F3}.Debug|x86.Build.0 = Debug|Any CPU
		{631F74F9-1D20-47CF-B026-693BB752E2F3}.Release|Any CPU.ActiveCfg = Release|Any CPU
		{631F74F9-1D20-47CF-B026-693BB752E2F3}.Release|Any CPU.Build.0 = Release|Any CPU
		{631F74F9-1D20-47CF-B026-693BB752E2F3}.Release|x64.ActiveCfg = Release|Any CPU
		{631F74F9-1D20-47CF-B026-693BB752E2F3}.Release|x64.Build.0 = Release|Any CPU
		{631F74F9-1D20-47CF-B026-693BB752E2F3}.Release|x86.ActiveCfg = Release|Any CPU
		{631F74F9-1D20-47CF-B026-693BB752E2F3}.Release|x86.Build.0 = Release|Any CPU
		{903C68B6-23A2-48B5-B73C-2930D96B68E7}.Debug|Any CPU.ActiveCfg = Debug|Any CPU
		{903C68B6-23A2-48B5-B73C-2930D96B68E7}.Debug|Any CPU.Build.0 = Debug|Any CPU
		{903C68B6-23A2-48B5-B73C-2930D96B68E7}.Debug|x64.ActiveCfg = Debug|Any CPU
		{903C68B6-23A2-48B5-B73C-2930D96B68E7}.Debug|x64.Build.0 = Debug|Any CPU
		{903C68B6-23A2-48B5-B73C-2930D96B68E7}.Debug|x86.ActiveCfg = Debug|Any CPU
		{903C68B6-23A2-48B5-B73C-2930D96B68E7}.Debug|x86.Build.0 = Debug|Any CPU
		{903C68B6-23A2-48B5-B73C-2930D96B68E7}.Release|Any CPU.ActiveCfg = Release|Any CPU
		{903C68B6-23A2-48B5-B73C-2930D96B68E7}.Release|Any CPU.Build.0 = Release|Any CPU
		{903C68B6-23A2-48B5-B73C-2930D96B68E7}.Release|x64.ActiveCfg = Release|Any CPU
		{903C68B6-23A2-48B5-B73C-2930D96B68E7}.Release|x64.Build.0 = Release|Any CPU
		{903C68B6-23A2-48B5-B73C-2930D96B68E7}.Release|x86.ActiveCfg = Release|Any CPU
		{903C68B6-23A2-48B5-B73C-2930D96B68E7}.Release|x86.Build.0 = Release|Any CPU
		{74932EC3-5C8C-4AE8-A2F9-1720DCABEB2D}.Debug|Any CPU.ActiveCfg = Debug|Any CPU
		{74932EC3-5C8C-4AE8-A2F9-1720DCABEB2D}.Debug|Any CPU.Build.0 = Debug|Any CPU
		{74932EC3-5C8C-4AE8-A2F9-1720DCABEB2D}.Debug|x64.ActiveCfg = Debug|Any CPU
		{74932EC3-5C8C-4AE8-A2F9-1720DCABEB2D}.Debug|x64.Build.0 = Debug|Any CPU
		{74932EC3-5C8C-4AE8-A2F9-1720DCABEB2D}.Debug|x86.ActiveCfg = Debug|Any CPU
		{74932EC3-5C8C-4AE8-A2F9-1720DCABEB2D}.Debug|x86.Build.0 = Debug|Any CPU
		{74932EC3-5C8C-4AE8-A2F9-1720DCABEB2D}.Release|Any CPU.ActiveCfg = Release|Any CPU
		{74932EC3-5C8C-4AE8-A2F9-1720DCABEB2D}.Release|Any CPU.Build.0 = Release|Any CPU
		{74932EC3-5C8C-4AE8-A2F9-1720DCABEB2D}.Release|x64.ActiveCfg = Release|Any CPU
		{74932EC3-5C8C-4AE8-A2F9-1720DCABEB2D}.Release|x64.Build.0 = Release|Any CPU
		{74932EC3-5C8C-4AE8-A2F9-1720DCABEB2D}.Release|x86.ActiveCfg = Release|Any CPU
		{74932EC3-5C8C-4AE8-A2F9-1720DCABEB2D}.Release|x86.Build.0 = Release|Any CPU
		{E8C6E8B6-6362-4A0F-9A85-ED1CE5ADFB96}.Debug|Any CPU.ActiveCfg = Debug|Any CPU
		{E8C6E8B6-6362-4A0F-9A85-ED1CE5ADFB96}.Debug|Any CPU.Build.0 = Debug|Any CPU
		{E8C6E8B6-6362-4A0F-9A85-ED1CE5ADFB96}.Debug|x64.ActiveCfg = Debug|Any CPU
		{E8C6E8B6-6362-4A0F-9A85-ED1CE5ADFB96}.Debug|x64.Build.0 = Debug|Any CPU
		{E8C6E8B6-6362-4A0F-9A85-ED1CE5ADFB96}.Debug|x86.ActiveCfg = Debug|Any CPU
		{E8C6E8B6-6362-4A0F-9A85-ED1CE5ADFB96}.Debug|x86.Build.0 = Debug|Any CPU
		{E8C6E8B6-6362-4A0F-9A85-ED1CE5ADFB96}.Release|Any CPU.ActiveCfg = Release|Any CPU
		{E8C6E8B6-6362-4A0F-9A85-ED1CE5ADFB96}.Release|Any CPU.Build.0 = Release|Any CPU
		{E8C6E8B6-6362-4A0F-9A85-ED1CE5ADFB96}.Release|x64.ActiveCfg = Release|Any CPU
		{E8C6E8B6-6362-4A0F-9A85-ED1CE5ADFB96}.Release|x64.Build.0 = Release|Any CPU
		{E8C6E8B6-6362-4A0F-9A85-ED1CE5ADFB96}.Release|x86.ActiveCfg = Release|Any CPU
		{E8C6E8B6-6362-4A0F-9A85-ED1CE5ADFB96}.Release|x86.Build.0 = Release|Any CPU
		{D7D54CD9-6BD6-4F51-91CD-C978B72E620F}.Debug|Any CPU.ActiveCfg = Debug|Any CPU
		{D7D54CD9-6BD6-4F51-91CD-C978B72E620F}.Debug|Any CPU.Build.0 = Debug|Any CPU
		{D7D54CD9-6BD6-4F51-91CD-C978B72E620F}.Debug|x64.ActiveCfg = Debug|Any CPU
		{D7D54CD9-6BD6-4F51-91CD-C978B72E620F}.Debug|x64.Build.0 = Debug|Any CPU
		{D7D54CD9-6BD6-4F51-91CD-C978B72E620F}.Debug|x86.ActiveCfg = Debug|Any CPU
		{D7D54CD9-6BD6-4F51-91CD-C978B72E620F}.Debug|x86.Build.0 = Debug|Any CPU
		{D7D54CD9-6BD6-4F51-91CD-C978B72E620F}.Release|Any CPU.ActiveCfg = Release|Any CPU
		{D7D54CD9-6BD6-4F51-91CD-C978B72E620F}.Release|Any CPU.Build.0 = Release|Any CPU
		{D7D54CD9-6BD6-4F51-91CD-C978B72E620F}.Release|x64.ActiveCfg = Release|Any CPU
		{D7D54CD9-6BD6-4F51-91CD-C978B72E620F}.Release|x64.Build.0 = Release|Any CPU
		{D7D54CD9-6BD6-4F51-91CD-C978B72E620F}.Release|x86.ActiveCfg = Release|Any CPU
		{D7D54CD9-6BD6-4F51-91CD-C978B72E620F}.Release|x86.Build.0 = Release|Any CPU
		{D58A290A-469A-46BD-B2BE-6C45CF07F611}.Debug|Any CPU.ActiveCfg = Debug|Any CPU
		{D58A290A-469A-46BD-B2BE-6C45CF07F611}.Debug|Any CPU.Build.0 = Debug|Any CPU
		{D58A290A-469A-46BD-B2BE-6C45CF07F611}.Debug|x64.ActiveCfg = Debug|Any CPU
		{D58A290A-469A-46BD-B2BE-6C45CF07F611}.Debug|x64.Build.0 = Debug|Any CPU
		{D58A290A-469A-46BD-B2BE-6C45CF07F611}.Debug|x86.ActiveCfg = Debug|Any CPU
		{D58A290A-469A-46BD-B2BE-6C45CF07F611}.Debug|x86.Build.0 = Debug|Any CPU
		{D58A290A-469A-46BD-B2BE-6C45CF07F611}.Release|Any CPU.ActiveCfg = Release|Any CPU
		{D58A290A-469A-46BD-B2BE-6C45CF07F611}.Release|Any CPU.Build.0 = Release|Any CPU
		{D58A290A-469A-46BD-B2BE-6C45CF07F611}.Release|x64.ActiveCfg = Release|Any CPU
		{D58A290A-469A-46BD-B2BE-6C45CF07F611}.Release|x64.Build.0 = Release|Any CPU
		{D58A290A-469A-46BD-B2BE-6C45CF07F611}.Release|x86.ActiveCfg = Release|Any CPU
		{D58A290A-469A-46BD-B2BE-6C45CF07F611}.Release|x86.Build.0 = Release|Any CPU
		{24B3554D-E238-429D-A693-8A9E72860AD6}.Debug|Any CPU.ActiveCfg = Debug|Any CPU
		{24B3554D-E238-429D-A693-8A9E72860AD6}.Debug|Any CPU.Build.0 = Debug|Any CPU
		{24B3554D-E238-429D-A693-8A9E72860AD6}.Debug|x64.ActiveCfg = Debug|Any CPU
		{24B3554D-E238-429D-A693-8A9E72860AD6}.Debug|x64.Build.0 = Debug|Any CPU
		{24B3554D-E238-429D-A693-8A9E72860AD6}.Debug|x86.ActiveCfg = Debug|Any CPU
		{24B3554D-E238-429D-A693-8A9E72860AD6}.Debug|x86.Build.0 = Debug|Any CPU
		{24B3554D-E238-429D-A693-8A9E72860AD6}.Release|Any CPU.ActiveCfg = Release|Any CPU
		{24B3554D-E238-429D-A693-8A9E72860AD6}.Release|Any CPU.Build.0 = Release|Any CPU
		{24B3554D-E238-429D-A693-8A9E72860AD6}.Release|x64.ActiveCfg = Release|Any CPU
		{24B3554D-E238-429D-A693-8A9E72860AD6}.Release|x64.Build.0 = Release|Any CPU
		{24B3554D-E238-429D-A693-8A9E72860AD6}.Release|x86.ActiveCfg = Release|Any CPU
		{24B3554D-E238-429D-A693-8A9E72860AD6}.Release|x86.Build.0 = Release|Any CPU
		{1D56AE01-1754-456E-ABD6-09995EA1ED48}.Debug|Any CPU.ActiveCfg = Debug|Any CPU
		{1D56AE01-1754-456E-ABD6-09995EA1ED48}.Debug|Any CPU.Build.0 = Debug|Any CPU
		{1D56AE01-1754-456E-ABD6-09995EA1ED48}.Debug|x64.ActiveCfg = Debug|Any CPU
		{1D56AE01-1754-456E-ABD6-09995EA1ED48}.Debug|x64.Build.0 = Debug|Any CPU
		{1D56AE01-1754-456E-ABD6-09995EA1ED48}.Debug|x86.ActiveCfg = Debug|Any CPU
		{1D56AE01-1754-456E-ABD6-09995EA1ED48}.Debug|x86.Build.0 = Debug|Any CPU
		{1D56AE01-1754-456E-ABD6-09995EA1ED48}.Release|Any CPU.ActiveCfg = Release|Any CPU
		{1D56AE01-1754-456E-ABD6-09995EA1ED48}.Release|Any CPU.Build.0 = Release|Any CPU
		{1D56AE01-1754-456E-ABD6-09995EA1ED48}.Release|x64.ActiveCfg = Release|Any CPU
		{1D56AE01-1754-456E-ABD6-09995EA1ED48}.Release|x64.Build.0 = Release|Any CPU
		{1D56AE01-1754-456E-ABD6-09995EA1ED48}.Release|x86.ActiveCfg = Release|Any CPU
		{1D56AE01-1754-456E-ABD6-09995EA1ED48}.Release|x86.Build.0 = Release|Any CPU
		{052A9E3E-D337-435A-8F1B-4FF8A7A14830}.Debug|Any CPU.ActiveCfg = Debug|Any CPU
		{052A9E3E-D337-435A-8F1B-4FF8A7A14830}.Debug|Any CPU.Build.0 = Debug|Any CPU
		{052A9E3E-D337-435A-8F1B-4FF8A7A14830}.Debug|x64.ActiveCfg = Debug|Any CPU
		{052A9E3E-D337-435A-8F1B-4FF8A7A14830}.Debug|x64.Build.0 = Debug|Any CPU
		{052A9E3E-D337-435A-8F1B-4FF8A7A14830}.Debug|x86.ActiveCfg = Debug|Any CPU
		{052A9E3E-D337-435A-8F1B-4FF8A7A14830}.Debug|x86.Build.0 = Debug|Any CPU
		{052A9E3E-D337-435A-8F1B-4FF8A7A14830}.Release|Any CPU.ActiveCfg = Release|Any CPU
		{052A9E3E-D337-435A-8F1B-4FF8A7A14830}.Release|Any CPU.Build.0 = Release|Any CPU
		{052A9E3E-D337-435A-8F1B-4FF8A7A14830}.Release|x64.ActiveCfg = Release|Any CPU
		{052A9E3E-D337-435A-8F1B-4FF8A7A14830}.Release|x64.Build.0 = Release|Any CPU
		{052A9E3E-D337-435A-8F1B-4FF8A7A14830}.Release|x86.ActiveCfg = Release|Any CPU
		{052A9E3E-D337-435A-8F1B-4FF8A7A14830}.Release|x86.Build.0 = Release|Any CPU
		{97EE6809-A449-4515-98CF-35AB2474CD99}.Debug|Any CPU.ActiveCfg = Debug|Any CPU
		{97EE6809-A449-4515-98CF-35AB2474CD99}.Debug|Any CPU.Build.0 = Debug|Any CPU
		{97EE6809-A449-4515-98CF-35AB2474CD99}.Debug|x64.ActiveCfg = Debug|Any CPU
		{97EE6809-A449-4515-98CF-35AB2474CD99}.Debug|x64.Build.0 = Debug|Any CPU
		{97EE6809-A449-4515-98CF-35AB2474CD99}.Debug|x86.ActiveCfg = Debug|Any CPU
		{97EE6809-A449-4515-98CF-35AB2474CD99}.Debug|x86.Build.0 = Debug|Any CPU
		{97EE6809-A449-4515-98CF-35AB2474CD99}.Release|Any CPU.ActiveCfg = Release|Any CPU
		{97EE6809-A449-4515-98CF-35AB2474CD99}.Release|Any CPU.Build.0 = Release|Any CPU
		{97EE6809-A449-4515-98CF-35AB2474CD99}.Release|x64.ActiveCfg = Release|Any CPU
		{97EE6809-A449-4515-98CF-35AB2474CD99}.Release|x64.Build.0 = Release|Any CPU
		{97EE6809-A449-4515-98CF-35AB2474CD99}.Release|x86.ActiveCfg = Release|Any CPU
		{97EE6809-A449-4515-98CF-35AB2474CD99}.Release|x86.Build.0 = Release|Any CPU
	EndGlobalSection
	GlobalSection(SolutionProperties) = preSolution
		HideSolutionNode = FALSE
	EndGlobalSection
EndGlobal
