
Microsoft Visual Studio Solution File, Format Version 12.00
# Visual Studio Version 16
VisualStudioVersion = 16.6.30114.105
MinimumVisualStudioVersion = 10.0.40219.1
Project("{FAE04EC0-301F-11D3-BF4B-00C04F79EFBC}") = "R5T.D0094.A001", "R5T.D0094.A001\R5T.D0094.A001.csproj", "{A4AD581E-ACD5-48D8-B5DF-2FB9A23CACDD}"
EndProject
Project("{FAE04EC0-301F-11D3-BF4B-00C04F79EFBC}") = "R5T.D0094.I001", "R5T.D0094.I001\R5T.D0094.I001.csproj", "{32107B53-B692-4C1B-8F33-77973130DF5D}"
EndProject
Project("{FAE04EC0-301F-11D3-BF4B-00C04F79EFBC}") = "R5T.D0094.Base", "R5T.D0094.Base\R5T.D0094.Base.csproj", "{5F9BF5B0-DA02-47DE-9D21-F674AED3FE71}"
EndProject
Project("{2150E333-8FDC-42A3-9474-1A3956D46DE8}") = "_Dependencies", "_Dependencies", "{217F6F14-9EFE-4815-B2C5-911A59DEFDD1}"
EndProject
Project("{FAE04EC0-301F-11D3-BF4B-00C04F79EFBC}") = "R5T.Dacia.Extensions", "..\..\R5T.Dacia.Extensions\source\R5T.Dacia.Extensions\R5T.Dacia.Extensions.csproj", "{FEB257DF-0816-4D1D-A71B-16D93462D6A8}"
EndProject
Project("{FAE04EC0-301F-11D3-BF4B-00C04F79EFBC}") = "R5T.Dacia.T002", "..\..\R5T.Dacia\source\R5T.Dacia.T002\R5T.Dacia.T002.csproj", "{9568E3AE-F9C5-45B1-9790-26093C24A1C9}"
EndProject
Global
	GlobalSection(SolutionConfigurationPlatforms) = preSolution
		Debug|Any CPU = Debug|Any CPU
		Debug|x64 = Debug|x64
		Debug|x86 = Debug|x86
		Release|Any CPU = Release|Any CPU
		Release|x64 = Release|x64
		Release|x86 = Release|x86
	EndGlobalSection
	GlobalSection(SolutionProperties) = preSolution
		HideSolutionNode = FALSE
	EndGlobalSection
	GlobalSection(ProjectConfigurationPlatforms) = postSolution
		{A4AD581E-ACD5-48D8-B5DF-2FB9A23CACDD}.Debug|Any CPU.ActiveCfg = Debug|Any CPU
		{A4AD581E-ACD5-48D8-B5DF-2FB9A23CACDD}.Debug|Any CPU.Build.0 = Debug|Any CPU
		{A4AD581E-ACD5-48D8-B5DF-2FB9A23CACDD}.Debug|x64.ActiveCfg = Debug|Any CPU
		{A4AD581E-ACD5-48D8-B5DF-2FB9A23CACDD}.Debug|x64.Build.0 = Debug|Any CPU
		{A4AD581E-ACD5-48D8-B5DF-2FB9A23CACDD}.Debug|x86.ActiveCfg = Debug|Any CPU
		{A4AD581E-ACD5-48D8-B5DF-2FB9A23CACDD}.Debug|x86.Build.0 = Debug|Any CPU
		{A4AD581E-ACD5-48D8-B5DF-2FB9A23CACDD}.Release|Any CPU.ActiveCfg = Release|Any CPU
		{A4AD581E-ACD5-48D8-B5DF-2FB9A23CACDD}.Release|Any CPU.Build.0 = Release|Any CPU
		{A4AD581E-ACD5-48D8-B5DF-2FB9A23CACDD}.Release|x64.ActiveCfg = Release|Any CPU
		{A4AD581E-ACD5-48D8-B5DF-2FB9A23CACDD}.Release|x64.Build.0 = Release|Any CPU
		{A4AD581E-ACD5-48D8-B5DF-2FB9A23CACDD}.Release|x86.ActiveCfg = Release|Any CPU
		{A4AD581E-ACD5-48D8-B5DF-2FB9A23CACDD}.Release|x86.Build.0 = Release|Any CPU
		{32107B53-B692-4C1B-8F33-77973130DF5D}.Debug|Any CPU.ActiveCfg = Debug|Any CPU
		{32107B53-B692-4C1B-8F33-77973130DF5D}.Debug|Any CPU.Build.0 = Debug|Any CPU
		{32107B53-B692-4C1B-8F33-77973130DF5D}.Debug|x64.ActiveCfg = Debug|Any CPU
		{32107B53-B692-4C1B-8F33-77973130DF5D}.Debug|x64.Build.0 = Debug|Any CPU
		{32107B53-B692-4C1B-8F33-77973130DF5D}.Debug|x86.ActiveCfg = Debug|Any CPU
		{32107B53-B692-4C1B-8F33-77973130DF5D}.Debug|x86.Build.0 = Debug|Any CPU
		{32107B53-B692-4C1B-8F33-77973130DF5D}.Release|Any CPU.ActiveCfg = Release|Any CPU
		{32107B53-B692-4C1B-8F33-77973130DF5D}.Release|Any CPU.Build.0 = Release|Any CPU
		{32107B53-B692-4C1B-8F33-77973130DF5D}.Release|x64.ActiveCfg = Release|Any CPU
		{32107B53-B692-4C1B-8F33-77973130DF5D}.Release|x64.Build.0 = Release|Any CPU
		{32107B53-B692-4C1B-8F33-77973130DF5D}.Release|x86.ActiveCfg = Release|Any CPU
		{32107B53-B692-4C1B-8F33-77973130DF5D}.Release|x86.Build.0 = Release|Any CPU
		{5F9BF5B0-DA02-47DE-9D21-F674AED3FE71}.Debug|Any CPU.ActiveCfg = Debug|Any CPU
		{5F9BF5B0-DA02-47DE-9D21-F674AED3FE71}.Debug|Any CPU.Build.0 = Debug|Any CPU
		{5F9BF5B0-DA02-47DE-9D21-F674AED3FE71}.Debug|x64.ActiveCfg = Debug|Any CPU
		{5F9BF5B0-DA02-47DE-9D21-F674AED3FE71}.Debug|x64.Build.0 = Debug|Any CPU
		{5F9BF5B0-DA02-47DE-9D21-F674AED3FE71}.Debug|x86.ActiveCfg = Debug|Any CPU
		{5F9BF5B0-DA02-47DE-9D21-F674AED3FE71}.Debug|x86.Build.0 = Debug|Any CPU
		{5F9BF5B0-DA02-47DE-9D21-F674AED3FE71}.Release|Any CPU.ActiveCfg = Release|Any CPU
		{5F9BF5B0-DA02-47DE-9D21-F674AED3FE71}.Release|Any CPU.Build.0 = Release|Any CPU
		{5F9BF5B0-DA02-47DE-9D21-F674AED3FE71}.Release|x64.ActiveCfg = Release|Any CPU
		{5F9BF5B0-DA02-47DE-9D21-F674AED3FE71}.Release|x64.Build.0 = Release|Any CPU
		{5F9BF5B0-DA02-47DE-9D21-F674AED3FE71}.Release|x86.ActiveCfg = Release|Any CPU
		{5F9BF5B0-DA02-47DE-9D21-F674AED3FE71}.Release|x86.Build.0 = Release|Any CPU
		{FEB257DF-0816-4D1D-A71B-16D93462D6A8}.Debug|Any CPU.ActiveCfg = Debug|Any CPU
		{FEB257DF-0816-4D1D-A71B-16D93462D6A8}.Debug|Any CPU.Build.0 = Debug|Any CPU
		{FEB257DF-0816-4D1D-A71B-16D93462D6A8}.Debug|x64.ActiveCfg = Debug|Any CPU
		{FEB257DF-0816-4D1D-A71B-16D93462D6A8}.Debug|x64.Build.0 = Debug|Any CPU
		{FEB257DF-0816-4D1D-A71B-16D93462D6A8}.Debug|x86.ActiveCfg = Debug|Any CPU
		{FEB257DF-0816-4D1D-A71B-16D93462D6A8}.Debug|x86.Build.0 = Debug|Any CPU
		{FEB257DF-0816-4D1D-A71B-16D93462D6A8}.Release|Any CPU.ActiveCfg = Release|Any CPU
		{FEB257DF-0816-4D1D-A71B-16D93462D6A8}.Release|Any CPU.Build.0 = Release|Any CPU
		{FEB257DF-0816-4D1D-A71B-16D93462D6A8}.Release|x64.ActiveCfg = Release|Any CPU
		{FEB257DF-0816-4D1D-A71B-16D93462D6A8}.Release|x64.Build.0 = Release|Any CPU
		{FEB257DF-0816-4D1D-A71B-16D93462D6A8}.Release|x86.ActiveCfg = Release|Any CPU
		{FEB257DF-0816-4D1D-A71B-16D93462D6A8}.Release|x86.Build.0 = Release|Any CPU
		{9568E3AE-F9C5-45B1-9790-26093C24A1C9}.Debug|Any CPU.ActiveCfg = Debug|Any CPU
		{9568E3AE-F9C5-45B1-9790-26093C24A1C9}.Debug|Any CPU.Build.0 = Debug|Any CPU
		{9568E3AE-F9C5-45B1-9790-26093C24A1C9}.Debug|x64.ActiveCfg = Debug|Any CPU
		{9568E3AE-F9C5-45B1-9790-26093C24A1C9}.Debug|x64.Build.0 = Debug|Any CPU
		{9568E3AE-F9C5-45B1-9790-26093C24A1C9}.Debug|x86.ActiveCfg = Debug|Any CPU
		{9568E3AE-F9C5-45B1-9790-26093C24A1C9}.Debug|x86.Build.0 = Debug|Any CPU
		{9568E3AE-F9C5-45B1-9790-26093C24A1C9}.Release|Any CPU.ActiveCfg = Release|Any CPU
		{9568E3AE-F9C5-45B1-9790-26093C24A1C9}.Release|Any CPU.Build.0 = Release|Any CPU
		{9568E3AE-F9C5-45B1-9790-26093C24A1C9}.Release|x64.ActiveCfg = Release|Any CPU
		{9568E3AE-F9C5-45B1-9790-26093C24A1C9}.Release|x64.Build.0 = Release|Any CPU
		{9568E3AE-F9C5-45B1-9790-26093C24A1C9}.Release|x86.ActiveCfg = Release|Any CPU
		{9568E3AE-F9C5-45B1-9790-26093C24A1C9}.Release|x86.Build.0 = Release|Any CPU
	EndGlobalSection
	GlobalSection(NestedProjects) = preSolution
		{FEB257DF-0816-4D1D-A71B-16D93462D6A8} = {217F6F14-9EFE-4815-B2C5-911A59DEFDD1}
		{9568E3AE-F9C5-45B1-9790-26093C24A1C9} = {217F6F14-9EFE-4815-B2C5-911A59DEFDD1}
	EndGlobalSection
EndGlobal
